{
  "version": 4,
  "terraform_version": "1.4.5",
  "serial": 351,
  "lineage": "a28f5d96-e6eb-ac3f-941c-258dc23128d2",
  "outputs": {
    "dynamodb_table_name": {
      "value": "chapter05-books-database",
      "type": "string"
    }
  },
  "resources": [
    {
      "module": "module.dynamo",
      "mode": "managed",
      "type": "aws_dynamodb_table",
      "name": "nosql_database",
      "provider": "module.dynamo.provider[\"registry.terraform.io/hashicorp/aws\"]",
      "instances": [
        {
          "schema_version": 1,
          "attributes": {
            "arn": "arn:aws:dynamodb:eu-west-1:781254623749:table/chapter05-books-database",
            "attribute": [
              {
                "name": "BookName",
                "type": "S"
              },
              {
                "name": "FirstName",
                "type": "S"
              },
              {
                "name": "Id",
                "type": "N"
              },
              {
                "name": "LastName",
                "type": "S"
              }
            ],
            "billing_mode": "PROVISIONED",
            "deletion_protection_enabled": false,
            "global_secondary_index": [
              {
                "hash_key": "BookName",
                "name": "BookIndex",
                "non_key_attributes": [],
                "projection_type": "ALL",
                "range_key": "",
                "read_capacity": 1,
                "write_capacity": 1
              },
              {
                "hash_key": "FirstName",
                "name": "FirstNameIndex",
                "non_key_attributes": [],
                "projection_type": "ALL",
                "range_key": "",
                "read_capacity": 1,
                "write_capacity": 1
              },
              {
                "hash_key": "LastName",
                "name": "LastNameIndex",
                "non_key_attributes": [],
                "projection_type": "ALL",
                "range_key": "",
                "read_capacity": 1,
                "write_capacity": 1
              }
            ],
            "hash_key": "Id",
            "id": "chapter05-books-database",
            "local_secondary_index": [],
            "name": "chapter05-books-database",
            "point_in_time_recovery": [
              {
                "enabled": false
              }
            ],
            "range_key": "BookName",
            "read_capacity": 1,
            "replica": [],
            "restore_date_time": null,
            "restore_source_name": null,
            "restore_to_latest_time": null,
            "server_side_encryption": [],
            "stream_arn": "",
            "stream_enabled": false,
            "stream_label": "",
            "stream_view_type": "",
            "table_class": "STANDARD",
            "tags": {
              "Name": "chapter05-books-database",
              "exam": "saa_c03",
              "workspace": "chapter05"
            },
            "tags_all": {
              "Name": "chapter05-books-database",
              "exam": "saa_c03",
              "workspace": "chapter05"
            },
            "timeouts": null,
            "ttl": [
              {
                "attribute_name": "",
                "enabled": false
              }
            ],
            "write_capacity": 1
          },
          "sensitive_attributes": [],
          "private": "eyJlMmJmYjczMC1lY2FhLTExZTYtOGY4OC0zNDM2M2JjN2M0YzAiOnsiY3JlYXRlIjoxODAwMDAwMDAwMDAwLCJkZWxldGUiOjYwMDAwMDAwMDAwMCwidXBkYXRlIjozNjAwMDAwMDAwMDAwfSwic2NoZW1hX3ZlcnNpb24iOiIxIn0="
        }
      ]
    }
  ],
  "check_results": null
}
