{
  "version": 4,
  "terraform_version": "1.4.6",
  "serial": 13,
  "lineage": "831bb09b-b3ca-3f75-c1c7-e11b01daeb0d",
  "outputs": {
    "launch_template_arn": {
      "value": "arn:aws:ec2:eu-west-1:781254623749:launch-template/lt-0896094aa19b895d1",
      "type": "string"
    },
    "launch_template_id": {
      "value": "lt-0896094aa19b895d1",
      "type": "string"
    },
    "launch_template_latest_version": {
      "value": 2,
      "type": "number"
    }
  },
  "resources": [
    {
      "mode": "data",
      "type": "aws_key_pair",
      "name": "chapter_02_key_pair",
      "provider": "provider[\"registry.terraform.io/hashicorp/aws\"]",
      "instances": [
        {
          "schema_version": 0,
          "attributes": {
            "arn": "arn:aws:ec2:eu-west-1:781254623749:key-pair/saa_c03_studies",
            "create_time": "2023-06-07T15:53:33Z",
            "filter": null,
            "fingerprint": "ZijU3gsqOp7d3ioFbQMy3Hnz6lQgDjppfdkSRKP1IRk=",
            "id": "key-0dc2eac68fe60632c",
            "include_public_key": false,
            "key_name": "saa_c03_studies",
            "key_pair_id": "key-0dc2eac68fe60632c",
            "key_type": "ed25519",
            "public_key": "",
            "tags": {},
            "timeouts": null
          },
          "sensitive_attributes": []
        }
      ]
    },
    {
      "mode": "data",
      "type": "aws_subnets",
      "name": "chapter_02_subnets",
      "provider": "provider[\"registry.terraform.io/hashicorp/aws\"]",
      "instances": [
        {
          "schema_version": 0,
          "attributes": {
            "filter": [
              {
                "name": "vpc-id",
                "values": [
                  "vpc-0aa01a7b686c0a6f1"
                ]
              }
            ],
            "id": "eu-west-1",
            "ids": [
              "subnet-00fe35d1ddc30f77f",
              "subnet-0cf5f52aae7542f28",
              "subnet-0ea41814fe07cb6f1"
            ],
            "tags": null,
            "timeouts": null
          },
          "sensitive_attributes": []
        }
      ]
    },
    {
      "mode": "data",
      "type": "aws_vpc",
      "name": "chapter_02_vpc",
      "provider": "provider[\"registry.terraform.io/hashicorp/aws\"]",
      "instances": [
        {
          "schema_version": 0,
          "attributes": {
            "arn": "arn:aws:ec2:eu-west-1:781254623749:vpc/vpc-0aa01a7b686c0a6f1",
            "cidr_block": "172.31.0.0/16",
            "cidr_block_associations": [
              {
                "association_id": "vpc-cidr-assoc-05b0dc6ef6349212d",
                "cidr_block": "172.31.0.0/16",
                "state": "associated"
              }
            ],
            "default": true,
            "dhcp_options_id": "dopt-0ebbfe9932fd1d5a5",
            "enable_dns_hostnames": true,
            "enable_dns_support": true,
            "enable_network_address_usage_metrics": false,
            "filter": [
              {
                "name": "vpc-id",
                "values": [
                  "vpc-0aa01a7b686c0a6f1"
                ]
              }
            ],
            "id": "vpc-0aa01a7b686c0a6f1",
            "instance_tenancy": "default",
            "ipv6_association_id": "",
            "ipv6_cidr_block": "",
            "main_route_table_id": "rtb-075d44aa97ef30ad6",
            "owner_id": "781254623749",
            "state": null,
            "tags": {},
            "timeouts": null
          },
          "sensitive_attributes": []
        }
      ]
    },
    {
      "mode": "managed",
      "type": "aws_launch_template",
      "name": "chapter02_launch_template",
      "provider": "provider[\"registry.terraform.io/hashicorp/aws\"]",
      "instances": [
        {
          "schema_version": 0,
          "attributes": {
            "arn": "arn:aws:ec2:eu-west-1:781254623749:launch-template/lt-0896094aa19b895d1",
            "block_device_mappings": [
              {
                "device_name": "/dev/sdb",
                "ebs": [
                  {
                    "delete_on_termination": "true",
                    "encrypted": "",
                    "iops": 0,
                    "kms_key_id": "",
                    "snapshot_id": "",
                    "throughput": 0,
                    "volume_size": 10,
                    "volume_type": ""
                  }
                ],
                "no_device": "",
                "virtual_name": ""
              },
              {
                "device_name": "/dev/sdc",
                "ebs": [
                  {
                    "delete_on_termination": "true",
                    "encrypted": "",
                    "iops": 0,
                    "kms_key_id": "",
                    "snapshot_id": "",
                    "throughput": 0,
                    "volume_size": 10,
                    "volume_type": ""
                  }
                ],
                "no_device": "",
                "virtual_name": ""
              }
            ],
            "capacity_reservation_specification": [],
            "cpu_options": [],
            "credit_specification": [],
            "default_version": 2,
            "description": "",
            "disable_api_stop": false,
            "disable_api_termination": false,
            "ebs_optimized": "",
            "elastic_gpu_specifications": [],
            "elastic_inference_accelerator": [],
            "enclave_options": [],
            "hibernation_options": [],
            "iam_instance_profile": [],
            "id": "lt-0896094aa19b895d1",
            "image_id": "ami-04f7efe62f419d9f5",
            "instance_initiated_shutdown_behavior": "",
            "instance_market_options": [],
            "instance_requirements": [],
            "instance_type": "t2.micro",
            "kernel_id": "",
            "key_name": "saa_c03_studies",
            "latest_version": 2,
            "license_specification": [],
            "maintenance_options": [],
            "metadata_options": [
              {
                "http_endpoint": "enabled",
                "http_protocol_ipv6": "",
                "http_put_response_hop_limit": 0,
                "http_tokens": "required",
                "instance_metadata_tags": ""
              }
            ],
            "monitoring": [],
            "name": "chapter02_launch_template_launch_template",
            "name_prefix": "",
            "network_interfaces": [
              {
                "associate_carrier_ip_address": "",
                "associate_public_ip_address": "",
                "delete_on_termination": "",
                "description": "",
                "device_index": 0,
                "interface_type": "",
                "ipv4_address_count": 0,
                "ipv4_addresses": [],
                "ipv4_prefix_count": 0,
                "ipv4_prefixes": [],
                "ipv6_address_count": 0,
                "ipv6_addresses": [],
                "ipv6_prefix_count": 0,
                "ipv6_prefixes": [],
                "network_card_index": 0,
                "network_interface_id": "",
                "private_ip_address": "",
                "security_groups": [],
                "subnet_id": "subnet-00fe35d1ddc30f77f"
              }
            ],
            "placement": [
              {
                "affinity": "",
                "availability_zone": "",
                "group_name": "",
                "host_id": "",
                "host_resource_group_arn": "",
                "partition_number": 0,
                "spread_domain": "",
                "tenancy": "default"
              }
            ],
            "private_dns_name_options": [],
            "ram_disk_id": "",
            "security_group_names": [],
            "tag_specifications": [],
            "tags": {
              "Name": "chapter02_launch_template_launch_template",
              "workspace": "chapter02_launch_template"
            },
            "tags_all": {
              "Name": "chapter02_launch_template_launch_template",
              "workspace": "chapter02_launch_template"
            },
            "update_default_version": true,
            "user_data": "IyEvYmluL2Jhc2gKCkxPR19GSUxFPX4vbG9nZmlsZS5sb2cKCmZ1bmN0aW9uIGxvZygpIHsKICBlY2hvICJbJTFdWyQoZGF0ZSArJyVkLyVtLyVZICVUJyldICUyIiA+PiAkTE9HX0ZJTEUKfQoKdG91Y2ggJExPR19GSUxFCmxvZyAiSU5JVCIgIldlbGNvbWUgdG8gaW5zdGFuY2UgY29uZmlndXJhdG9yIgoKbG9nICJJTlNUQUxMIiAiSW5zdGFsbGluZyBwYWthZ2VzIgp5dW0gdXBkYXRlIC15Cnl1bSBpbnN0YWxsIHRyZWUgbmdpbnggLXkKCmxvZyAiU1RPUkFHRSIgIk1vdW50aW5nIFN0b3JhZ2UgQiIKc3VkbyBta2ZzIC10IHhmcyAvZGV2L3h2ZGIKc3VkbyBta2RpciAtcCAvZGF0YS9teV92b2x1bWVfYgpzdWRvIG1vdW50IC9kZXYveHZkYiAvZGF0YS9teV92b2x1bWVfYgoKbG9nICJTVE9SQUdFIiAiTW91bnRpbmcgU3RvcmFnZSBDIgpzdWRvIG1rZnMgLXQgeGZzIC9kZXYveHZkYwpzdWRvIG1rZGlyIC1wIC9kYXRhL215X3ZvbHVtZV9jCnN1ZG8gbW91bnQgL2Rldi94dmRjIC9kYXRhL215X3ZvbHVtZV9jCgpsb2cgIlNUT1JBR0UiICJTZW5kaW5nIGEgbWVzc2FnZSB0byB0aGVtIgplY2hvICJXZWxjb21lIHRvIHRoZSByZWFsIFdvcmxkIiA+IC9kYXRhL215X3ZvbHVtZV9iL1JFQURNRS50eHQKZWNobyAiV2VsY29tZSB0byB0aGUgcmVhbCBXb3JsZCIgPiAvZGF0YS9teV92b2x1bWVfYy9SRUFETUUudHh0Cgpsb2cgIlNFUlZFUiIgIlN0YXJ0aW5nIE5HSU5YIgpzdWRvIHN5c3RlbWN0bCBzdGFydCBuZ2lueC5zZXJ2aWNlCgpsb2cgIlNUT1JBR0UiICJDcmVhdGluZyBhIGZpbGUgdG8gdW5kZXJzdGFuZCB0aGF0IGV2ZXJ5dGhpbmcgaXMgZmluZSIKTU9VTlRfSU5GTz0kKG1vdW50KQplY2hvICI8UFJFPiRNT1VOVF9JTkZPPC9QUkU+IiA+IGluZGV4Lmh0bWwKY3AgaW5kZXguaHRtbCAvdXNyL3NoYXJlL25naW54L2h0bWwKClxsb2cgIkVORCIgIlRoaXMgaXMgdGhlIGVuZCI=",
            "vpc_security_group_ids": [
              "sg-0dab16256e4518ec9"
            ]
          },
          "sensitive_attributes": [],
          "private": "bnVsbA==",
          "dependencies": [
            "aws_security_group.chapter_02_security_group_launch_configuration",
            "data.aws_key_pair.chapter_02_key_pair",
            "data.aws_subnets.chapter_02_subnets"
          ]
        }
      ]
    },
    {
      "mode": "managed",
      "type": "aws_security_group",
      "name": "chapter_02_security_group_launch_configuration",
      "provider": "provider[\"registry.terraform.io/hashicorp/aws\"]",
      "instances": [
        {
          "schema_version": 1,
          "attributes": {
            "arn": "arn:aws:ec2:eu-west-1:781254623749:security-group/sg-0dab16256e4518ec9",
            "description": "A security group that allows port 22 and port 80",
            "egress": [
              {
                "cidr_blocks": [
                  "0.0.0.0/0"
                ],
                "description": "",
                "from_port": 0,
                "ipv6_cidr_blocks": [],
                "prefix_list_ids": [],
                "protocol": "-1",
                "security_groups": [],
                "self": false,
                "to_port": 0
              }
            ],
            "id": "sg-0dab16256e4518ec9",
            "ingress": [
              {
                "cidr_blocks": [
                  "0.0.0.0/0"
                ],
                "description": "HTTP",
                "from_port": 80,
                "ipv6_cidr_blocks": [],
                "prefix_list_ids": [],
                "protocol": "tcp",
                "security_groups": [],
                "self": false,
                "to_port": 80
              },
              {
                "cidr_blocks": [
                  "0.0.0.0/0"
                ],
                "description": "SSH",
                "from_port": 22,
                "ipv6_cidr_blocks": [],
                "prefix_list_ids": [],
                "protocol": "tcp",
                "security_groups": [],
                "self": false,
                "to_port": 22
              }
            ],
            "name": "chapter02_launch_template-launch-configuration",
            "name_prefix": "",
            "owner_id": "781254623749",
            "revoke_rules_on_delete": false,
            "tags": {
              "Name": "chapter02_launch_template-launch-configuration",
              "workspace": "chapter02_launch_template"
            },
            "tags_all": {
              "Name": "chapter02_launch_template-launch-configuration",
              "workspace": "chapter02_launch_template"
            },
            "timeouts": null,
            "vpc_id": "vpc-0aa01a7b686c0a6f1"
          },
          "sensitive_attributes": [],
          "private": "eyJlMmJmYjczMC1lY2FhLTExZTYtOGY4OC0zNDM2M2JjN2M0YzAiOnsiY3JlYXRlIjo2MDAwMDAwMDAwMDAsImRlbGV0ZSI6OTAwMDAwMDAwMDAwfSwic2NoZW1hX3ZlcnNpb24iOiIxIn0="
        }
      ]
    }
  ],
  "check_results": null
}
