{
  "version": 4,
  "terraform_version": "1.4.6",
  "serial": 108,
  "lineage": "83273e19-1e9a-de32-532e-93456646b443",
  "outputs": {
    "ec2_instance_public_dns": {
      "value": "ec2-34-242-231-53.eu-west-1.compute.amazonaws.com",
      "type": "string"
    },
    "ec2_instance_public_ip_address": {
      "value": "34.242.231.53",
      "type": "string"
    }
  },
  "resources": [
    {
      "mode": "data",
      "type": "aws_availability_zones",
      "name": "azs",
      "provider": "provider[\"registry.terraform.io/hashicorp/aws\"]",
      "instances": [
        {
          "schema_version": 0,
          "attributes": {
            "all_availability_zones": null,
            "exclude_names": null,
            "exclude_zone_ids": null,
            "filter": null,
            "group_names": [
              "eu-west-1"
            ],
            "id": "eu-west-1",
            "names": [
              "eu-west-1a",
              "eu-west-1b",
              "eu-west-1c"
            ],
            "state": "available",
            "timeouts": null,
            "zone_ids": [
              "euw1-az1",
              "euw1-az2",
              "euw1-az3"
            ]
          },
          "sensitive_attributes": []
        }
      ]
    },
    {
      "mode": "data",
      "type": "aws_key_pair",
      "name": "chapter_02_key_pair",
      "provider": "provider[\"registry.terraform.io/hashicorp/aws\"]",
      "instances": [
        {
          "schema_version": 0,
          "attributes": {
            "arn": "arn:aws:ec2:eu-west-1:781254623749:key-pair/chapter_02_key_pair",
            "create_time": "2023-06-04T17:16:41Z",
            "filter": null,
            "fingerprint": "Iw6rKepCdvPTkQfGc6wzL7yDLvaeWUQYlRGIlWvGI34=",
            "id": "key-00e14b48bcee77950",
            "include_public_key": false,
            "key_name": "chapter_02_key_pair",
            "key_pair_id": "key-00e14b48bcee77950",
            "key_type": "ed25519",
            "public_key": "",
            "tags": {},
            "timeouts": null
          },
          "sensitive_attributes": []
        }
      ]
    },
    {
      "mode": "data",
      "type": "aws_subnets",
      "name": "chapter_02_subnets",
      "provider": "provider[\"registry.terraform.io/hashicorp/aws\"]",
      "instances": [
        {
          "schema_version": 0,
          "attributes": {
            "filter": [
              {
                "name": "vpc-id",
                "values": [
                  "vpc-0aa01a7b686c0a6f1"
                ]
              }
            ],
            "id": "eu-west-1",
            "ids": [
              "subnet-00fe35d1ddc30f77f",
              "subnet-0cf5f52aae7542f28",
              "subnet-0ea41814fe07cb6f1"
            ],
            "tags": null,
            "timeouts": null
          },
          "sensitive_attributes": []
        }
      ]
    },
    {
      "mode": "data",
      "type": "aws_vpc",
      "name": "chapter_02_vpc",
      "provider": "provider[\"registry.terraform.io/hashicorp/aws\"]",
      "instances": [
        {
          "schema_version": 0,
          "attributes": {
            "arn": "arn:aws:ec2:eu-west-1:781254623749:vpc/vpc-0aa01a7b686c0a6f1",
            "cidr_block": "172.31.0.0/16",
            "cidr_block_associations": [
              {
                "association_id": "vpc-cidr-assoc-05b0dc6ef6349212d",
                "cidr_block": "172.31.0.0/16",
                "state": "associated"
              }
            ],
            "default": true,
            "dhcp_options_id": "dopt-0ebbfe9932fd1d5a5",
            "enable_dns_hostnames": true,
            "enable_dns_support": true,
            "enable_network_address_usage_metrics": false,
            "filter": [
              {
                "name": "vpc-id",
                "values": [
                  "vpc-0aa01a7b686c0a6f1"
                ]
              }
            ],
            "id": "vpc-0aa01a7b686c0a6f1",
            "instance_tenancy": "default",
            "ipv6_association_id": "",
            "ipv6_cidr_block": "",
            "main_route_table_id": "rtb-075d44aa97ef30ad6",
            "owner_id": "781254623749",
            "state": null,
            "tags": {},
            "timeouts": null
          },
          "sensitive_attributes": []
        }
      ]
    },
    {
      "mode": "managed",
      "type": "aws_ebs_volume",
      "name": "chapter_02_volume",
      "provider": "provider[\"registry.terraform.io/hashicorp/aws\"]",
      "instances": [
        {
          "schema_version": 0,
          "attributes": {
            "arn": "arn:aws:ec2:eu-west-1:781254623749:volume/vol-03d2fcf23b9d5f0d7",
            "availability_zone": "eu-west-1a",
            "encrypted": false,
            "final_snapshot": false,
            "id": "vol-03d2fcf23b9d5f0d7",
            "iops": 100,
            "kms_key_id": "",
            "multi_attach_enabled": false,
            "outpost_arn": "",
            "size": 10,
            "snapshot_id": "",
            "tags": {
              "Name": "chapter02_ortolan_my_volume",
              "workspace": "chapter02_ortolan"
            },
            "tags_all": {
              "Name": "chapter02_ortolan_my_volume",
              "workspace": "chapter02_ortolan"
            },
            "throughput": 0,
            "timeouts": null,
            "type": "gp2"
          },
          "sensitive_attributes": [],
          "private": "eyJlMmJmYjczMC1lY2FhLTExZTYtOGY4OC0zNDM2M2JjN2M0YzAiOnsiY3JlYXRlIjozMDAwMDAwMDAwMDAsImRlbGV0ZSI6MzAwMDAwMDAwMDAwLCJ1cGRhdGUiOjMwMDAwMDAwMDAwMH19",
          "dependencies": [
            "data.aws_availability_zones.azs"
          ]
        }
      ]
    },
    {
      "mode": "managed",
      "type": "aws_instance",
      "name": "chapter_02_instance",
      "provider": "provider[\"registry.terraform.io/hashicorp/aws\"]",
      "instances": [
        {
          "schema_version": 1,
          "attributes": {
            "ami": "ami-04f7efe62f419d9f5",
            "arn": "arn:aws:ec2:eu-west-1:781254623749:instance/i-0286112eed2869284",
            "associate_public_ip_address": true,
            "availability_zone": "eu-west-1a",
            "capacity_reservation_specification": [
              {
                "capacity_reservation_preference": "open",
                "capacity_reservation_target": []
              }
            ],
            "cpu_core_count": 1,
            "cpu_options": [
              {
                "amd_sev_snp": "",
                "core_count": 1,
                "threads_per_core": 1
              }
            ],
            "cpu_threads_per_core": 1,
            "credit_specification": [
              {
                "cpu_credits": "standard"
              }
            ],
            "disable_api_stop": false,
            "disable_api_termination": false,
            "ebs_block_device": [],
            "ebs_optimized": false,
            "enclave_options": [
              {
                "enabled": false
              }
            ],
            "ephemeral_block_device": [],
            "get_password_data": false,
            "hibernation": false,
            "host_id": "",
            "host_resource_group_arn": null,
            "iam_instance_profile": "",
            "id": "i-0286112eed2869284",
            "instance_initiated_shutdown_behavior": "stop",
            "instance_state": "running",
            "instance_type": "t2.micro",
            "ipv6_address_count": 0,
            "ipv6_addresses": [],
            "key_name": "chapter_02_key_pair",
            "launch_template": [],
            "maintenance_options": [
              {
                "auto_recovery": "default"
              }
            ],
            "metadata_options": [
              {
                "http_endpoint": "enabled",
                "http_put_response_hop_limit": 2,
                "http_tokens": "required",
                "instance_metadata_tags": "disabled"
              }
            ],
            "monitoring": false,
            "network_interface": [],
            "outpost_arn": "",
            "password_data": "",
            "placement_group": "",
            "placement_partition_number": 0,
            "primary_network_interface_id": "eni-04d2563fd5166414e",
            "private_dns": "ip-172-31-12-98.eu-west-1.compute.internal",
            "private_dns_name_options": [
              {
                "enable_resource_name_dns_a_record": false,
                "enable_resource_name_dns_aaaa_record": false,
                "hostname_type": "ip-name"
              }
            ],
            "private_ip": "172.31.12.98",
            "public_dns": "ec2-34-242-231-53.eu-west-1.compute.amazonaws.com",
            "public_ip": "34.242.231.53",
            "root_block_device": [
              {
                "delete_on_termination": true,
                "device_name": "/dev/xvda",
                "encrypted": false,
                "iops": 3000,
                "kms_key_id": "",
                "tags": {},
                "throughput": 125,
                "volume_id": "vol-01e46f47d0df97d56",
                "volume_size": 8,
                "volume_type": "gp3"
              }
            ],
            "secondary_private_ips": [],
            "security_groups": [
              "sg-0d9efac8ffeff415c"
            ],
            "source_dest_check": true,
            "subnet_id": "subnet-00fe35d1ddc30f77f",
            "tags": {
              "Name": "chapter02_ortolan_my_instance",
              "workspace": "chapter02_ortolan"
            },
            "tags_all": {
              "Name": "chapter02_ortolan_my_instance",
              "workspace": "chapter02_ortolan"
            },
            "tenancy": "default",
            "timeouts": null,
            "user_data": "e4aec7ec6e234b7786ef4fa35f3bcda6e57f9d7b",
            "user_data_base64": null,
            "user_data_replace_on_change": false,
            "volume_tags": null,
            "vpc_security_group_ids": [
              "sg-0d9efac8ffeff415c"
            ]
          },
          "sensitive_attributes": [],
          "private": "eyJlMmJmYjczMC1lY2FhLTExZTYtOGY4OC0zNDM2M2JjN2M0YzAiOnsiY3JlYXRlIjo2MDAwMDAwMDAwMDAsImRlbGV0ZSI6MTIwMDAwMDAwMDAwMCwidXBkYXRlIjo2MDAwMDAwMDAwMDB9LCJzY2hlbWFfdmVyc2lvbiI6IjEifQ==",
          "dependencies": [
            "aws_security_group.chapter_02_security_group",
            "data.aws_key_pair.chapter_02_key_pair",
            "data.aws_subnets.chapter_02_subnets"
          ]
        }
      ]
    },
    {
      "mode": "managed",
      "type": "aws_security_group",
      "name": "chapter_02_security_group",
      "provider": "provider[\"registry.terraform.io/hashicorp/aws\"]",
      "instances": [
        {
          "schema_version": 1,
          "attributes": {
            "arn": "arn:aws:ec2:eu-west-1:781254623749:security-group/sg-0d9efac8ffeff415c",
            "description": "A security group that allows only port 22",
            "egress": [
              {
                "cidr_blocks": [
                  "0.0.0.0/0"
                ],
                "description": "",
                "from_port": 0,
                "ipv6_cidr_blocks": [],
                "prefix_list_ids": [],
                "protocol": "-1",
                "security_groups": [],
                "self": false,
                "to_port": 0
              }
            ],
            "id": "sg-0d9efac8ffeff415c",
            "ingress": [
              {
                "cidr_blocks": [
                  "0.0.0.0/0"
                ],
                "description": "SSH",
                "from_port": 22,
                "ipv6_cidr_blocks": [],
                "prefix_list_ids": [],
                "protocol": "tcp",
                "security_groups": [],
                "self": false,
                "to_port": 22
              }
            ],
            "name": "chapter02_ortolan-ssh-security-group",
            "name_prefix": "",
            "owner_id": "781254623749",
            "revoke_rules_on_delete": false,
            "tags": {
              "Name": "chapter02_ortolan-ssh-security-group",
              "workspace": "chapter02_ortolan"
            },
            "tags_all": {
              "Name": "chapter02_ortolan-ssh-security-group",
              "workspace": "chapter02_ortolan"
            },
            "timeouts": null,
            "vpc_id": "vpc-0aa01a7b686c0a6f1"
          },
          "sensitive_attributes": [],
          "private": "eyJlMmJmYjczMC1lY2FhLTExZTYtOGY4OC0zNDM2M2JjN2M0YzAiOnsiY3JlYXRlIjo2MDAwMDAwMDAwMDAsImRlbGV0ZSI6OTAwMDAwMDAwMDAwfSwic2NoZW1hX3ZlcnNpb24iOiIxIn0="
        }
      ]
    },
    {
      "mode": "managed",
      "type": "aws_volume_attachment",
      "name": "chapter_02_volume",
      "provider": "provider[\"registry.terraform.io/hashicorp/aws\"]",
      "instances": [
        {
          "schema_version": 0,
          "attributes": {
            "device_name": "/dev/sdh",
            "force_detach": null,
            "id": "vai-1550397982",
            "instance_id": "i-0286112eed2869284",
            "skip_destroy": null,
            "stop_instance_before_detaching": null,
            "timeouts": null,
            "volume_id": "vol-03d2fcf23b9d5f0d7"
          },
          "sensitive_attributes": [],
          "private": "eyJlMmJmYjczMC1lY2FhLTExZTYtOGY4OC0zNDM2M2JjN2M0YzAiOnsiY3JlYXRlIjozMDAwMDAwMDAwMDAsImRlbGV0ZSI6MzAwMDAwMDAwMDAwfX0=",
          "dependencies": [
            "aws_ebs_volume.chapter_02_volume",
            "aws_instance.chapter_02_instance",
            "aws_security_group.chapter_02_security_group",
            "data.aws_availability_zones.azs",
            "data.aws_key_pair.chapter_02_key_pair",
            "data.aws_subnets.chapter_02_subnets"
          ]
        }
      ]
    }
  ],
  "check_results": null
}
