{
  "version": 4,
  "terraform_version": "1.4.6",
  "serial": 233,
  "lineage": "8d59154c-6cbd-6033-44cb-41cf5b1810d8",
  "outputs": {
    "audio_url": {
      "value": "https://chapter03-presigned-objects.s3.eu-west-1.amazonaws.com/audio_message.mp3?X-Amz-Algorithm=AWS4-HMAC-SHA256\u0026X-Amz-Credential=AKIA3LZTHQIC22AGPI5G%2F20230714%2Feu-west-1%2Fs3%2Faws4_request\u0026X-Amz-Date=20230714T220522Z\u0026X-Amz-Expires=3600\u0026X-Amz-SignedHeaders=host\u0026X-Amz-Signature=07e88346d6c308343a4c540f6c7265f84d2d6b9ad6277af3961dbced30515d61\r\nhttps://chapter03-presigned-objects.s3.eu-west-1.amazonaws.com/audio_message.mp3?X-Amz-Algorithm=AWS4-HMAC-SHA256\u0026X-Amz-Credential=AKIA3LZTHQIC22AGPI5G%2F20230715%2Feu-west-1%2Fs3%2Faws4_request\u0026X-Amz-Date=20230715T110851Z\u0026X-Amz-Expires=3600\u0026X-Amz-SignedHeaders=host\u0026X-Amz-Signature=9719353df1220fe9258fabe90940f305810caa565aa7ead17a51190fd22f7609\r\n",
      "type": "string"
    },
    "image_url": {
      "value": "https://chapter03-presigned-objects.s3.eu-west-1.amazonaws.com/movie_devourer.png?X-Amz-Algorithm=AWS4-HMAC-SHA256\u0026X-Amz-Credential=AKIA3LZTHQIC22AGPI5G%2F20230714%2Feu-west-1%2Fs3%2Faws4_request\u0026X-Amz-Date=20230714T220522Z\u0026X-Amz-Expires=3600\u0026X-Amz-SignedHeaders=host\u0026X-Amz-Signature=ed7cc4e6527f28e796061a4762a1265ad564d1326322fd7f5c4c841a8792a0f1\r\nhttps://chapter03-presigned-objects.s3.eu-west-1.amazonaws.com/movie_devourer.png?X-Amz-Algorithm=AWS4-HMAC-SHA256\u0026X-Amz-Credential=AKIA3LZTHQIC22AGPI5G%2F20230715%2Feu-west-1%2Fs3%2Faws4_request\u0026X-Amz-Date=20230715T110851Z\u0026X-Amz-Expires=3600\u0026X-Amz-SignedHeaders=host\u0026X-Amz-Signature=2043dfcef687788086bb671bddc9bc3ee79f220597807aec129628a0fdf3dabb\r\n",
      "type": "string"
    },
    "text_url": {
      "value": "https://chapter03-presigned-objects.s3.eu-west-1.amazonaws.com/message.txt?X-Amz-Algorithm=AWS4-HMAC-SHA256\u0026X-Amz-Credential=AKIA3LZTHQIC22AGPI5G%2F20230714%2Feu-west-1%2Fs3%2Faws4_request\u0026X-Amz-Date=20230714T220522Z\u0026X-Amz-Expires=3600\u0026X-Amz-SignedHeaders=host\u0026X-Amz-Signature=cdd0e668960cc5671131a01620b88c8bffdd499ccd29c15109b6c02c545db07b\r\nhttps://chapter03-presigned-objects.s3.eu-west-1.amazonaws.com/message.txt?X-Amz-Algorithm=AWS4-HMAC-SHA256\u0026X-Amz-Credential=AKIA3LZTHQIC22AGPI5G%2F20230715%2Feu-west-1%2Fs3%2Faws4_request\u0026X-Amz-Date=20230715T110851Z\u0026X-Amz-Expires=3600\u0026X-Amz-SignedHeaders=host\u0026X-Amz-Signature=f51063291ad7723d86e4fd320e439cce9fde1a2226cbc5f4bb8f6c450f4f2fab\r\n",
      "type": "string"
    },
    "website_url": {
      "value": "chapter03-website.s3-website-eu-west-1.amazonaws.com",
      "type": "string"
    }
  },
  "resources": [
    {
      "mode": "data",
      "type": "local_file",
      "name": "audio_url",
      "provider": "provider[\"registry.terraform.io/hashicorp/local\"]",
      "instances": [
        {
          "schema_version": 0,
          "attributes": {
            "content": "https://chapter03-presigned-objects.s3.eu-west-1.amazonaws.com/audio_message.mp3?X-Amz-Algorithm=AWS4-HMAC-SHA256\u0026X-Amz-Credential=AKIA3LZTHQIC22AGPI5G%2F20230714%2Feu-west-1%2Fs3%2Faws4_request\u0026X-Amz-Date=20230714T220522Z\u0026X-Amz-Expires=3600\u0026X-Amz-SignedHeaders=host\u0026X-Amz-Signature=07e88346d6c308343a4c540f6c7265f84d2d6b9ad6277af3961dbced30515d61\r\nhttps://chapter03-presigned-objects.s3.eu-west-1.amazonaws.com/audio_message.mp3?X-Amz-Algorithm=AWS4-HMAC-SHA256\u0026X-Amz-Credential=AKIA3LZTHQIC22AGPI5G%2F20230715%2Feu-west-1%2Fs3%2Faws4_request\u0026X-Amz-Date=20230715T110851Z\u0026X-Amz-Expires=3600\u0026X-Amz-SignedHeaders=host\u0026X-Amz-Signature=9719353df1220fe9258fabe90940f305810caa565aa7ead17a51190fd22f7609\r\n",
            "content_base64": "aHR0cHM6Ly9jaGFwdGVyMDMtcHJlc2lnbmVkLW9iamVjdHMuczMuZXUtd2VzdC0xLmFtYXpvbmF3cy5jb20vYXVkaW9fbWVzc2FnZS5tcDM/WC1BbXotQWxnb3JpdGhtPUFXUzQtSE1BQy1TSEEyNTYmWC1BbXotQ3JlZGVudGlhbD1BS0lBM0xaVEhRSUMyMkFHUEk1RyUyRjIwMjMwNzE0JTJGZXUtd2VzdC0xJTJGczMlMkZhd3M0X3JlcXVlc3QmWC1BbXotRGF0ZT0yMDIzMDcxNFQyMjA1MjJaJlgtQW16LUV4cGlyZXM9MzYwMCZYLUFtei1TaWduZWRIZWFkZXJzPWhvc3QmWC1BbXotU2lnbmF0dXJlPTA3ZTg4MzQ2ZDZjMzA4MzQzYTRjNTQwZjZjNzI2NWY4NGQyZDZiOWFkNjI3N2FmMzk2MWRiY2VkMzA1MTVkNjENCmh0dHBzOi8vY2hhcHRlcjAzLXByZXNpZ25lZC1vYmplY3RzLnMzLmV1LXdlc3QtMS5hbWF6b25hd3MuY29tL2F1ZGlvX21lc3NhZ2UubXAzP1gtQW16LUFsZ29yaXRobT1BV1M0LUhNQUMtU0hBMjU2JlgtQW16LUNyZWRlbnRpYWw9QUtJQTNMWlRIUUlDMjJBR1BJNUclMkYyMDIzMDcxNSUyRmV1LXdlc3QtMSUyRnMzJTJGYXdzNF9yZXF1ZXN0JlgtQW16LURhdGU9MjAyMzA3MTVUMTEwODUxWiZYLUFtei1FeHBpcmVzPTM2MDAmWC1BbXotU2lnbmVkSGVhZGVycz1ob3N0JlgtQW16LVNpZ25hdHVyZT05NzE5MzUzZGYxMjIwZmU5MjU4ZmFiZTkwOTQwZjMwNTgxMGNhYTU2NWFhN2VhZDE3YTUxMTkwZmQyMmY3NjA5DQo=",
            "content_base64sha256": "UXZpfV/E7leIF2kcnS4X8hnj1fGPs621S4kQ6+OIvYM=",
            "content_base64sha512": "Di0LIcpPw+LzH6vYsZF/M6BnVLei4AVm8P8D8KK/RL3bmah9oIkDdhNsbHmuLd6FIiIdxodXNS4ISN+kap9CeA==",
            "content_md5": "023628da066085902542b97d72ffedb9",
            "content_sha1": "539973fc0a5009066f9cae81850a9afbec895f26",
            "content_sha256": "5176697d5fc4ee578817691c9d2e17f219e3d5f18fb3adb54b8910ebe388bd83",
            "content_sha512": "0e2d0b21ca4fc3e2f31fabd8b1917f33a06754b7a2e00566f0ff03f0a2bf44bddb99a87da0890376136c6c79ae2dde8522221dc68757352e0848dfa46a9f4278",
            "filename": "./audio.url",
            "id": "539973fc0a5009066f9cae81850a9afbec895f26"
          },
          "sensitive_attributes": []
        }
      ]
    },
    {
      "mode": "data",
      "type": "local_file",
      "name": "image_url",
      "provider": "provider[\"registry.terraform.io/hashicorp/local\"]",
      "instances": [
        {
          "schema_version": 0,
          "attributes": {
            "content": "https://chapter03-presigned-objects.s3.eu-west-1.amazonaws.com/movie_devourer.png?X-Amz-Algorithm=AWS4-HMAC-SHA256\u0026X-Amz-Credential=AKIA3LZTHQIC22AGPI5G%2F20230714%2Feu-west-1%2Fs3%2Faws4_request\u0026X-Amz-Date=20230714T220522Z\u0026X-Amz-Expires=3600\u0026X-Amz-SignedHeaders=host\u0026X-Amz-Signature=ed7cc4e6527f28e796061a4762a1265ad564d1326322fd7f5c4c841a8792a0f1\r\nhttps://chapter03-presigned-objects.s3.eu-west-1.amazonaws.com/movie_devourer.png?X-Amz-Algorithm=AWS4-HMAC-SHA256\u0026X-Amz-Credential=AKIA3LZTHQIC22AGPI5G%2F20230715%2Feu-west-1%2Fs3%2Faws4_request\u0026X-Amz-Date=20230715T110851Z\u0026X-Amz-Expires=3600\u0026X-Amz-SignedHeaders=host\u0026X-Amz-Signature=2043dfcef687788086bb671bddc9bc3ee79f220597807aec129628a0fdf3dabb\r\n",
            "content_base64": "aHR0cHM6Ly9jaGFwdGVyMDMtcHJlc2lnbmVkLW9iamVjdHMuczMuZXUtd2VzdC0xLmFtYXpvbmF3cy5jb20vbW92aWVfZGV2b3VyZXIucG5nP1gtQW16LUFsZ29yaXRobT1BV1M0LUhNQUMtU0hBMjU2JlgtQW16LUNyZWRlbnRpYWw9QUtJQTNMWlRIUUlDMjJBR1BJNUclMkYyMDIzMDcxNCUyRmV1LXdlc3QtMSUyRnMzJTJGYXdzNF9yZXF1ZXN0JlgtQW16LURhdGU9MjAyMzA3MTRUMjIwNTIyWiZYLUFtei1FeHBpcmVzPTM2MDAmWC1BbXotU2lnbmVkSGVhZGVycz1ob3N0JlgtQW16LVNpZ25hdHVyZT1lZDdjYzRlNjUyN2YyOGU3OTYwNjFhNDc2MmExMjY1YWQ1NjRkMTMyNjMyMmZkN2Y1YzRjODQxYTg3OTJhMGYxDQpodHRwczovL2NoYXB0ZXIwMy1wcmVzaWduZWQtb2JqZWN0cy5zMy5ldS13ZXN0LTEuYW1hem9uYXdzLmNvbS9tb3ZpZV9kZXZvdXJlci5wbmc/WC1BbXotQWxnb3JpdGhtPUFXUzQtSE1BQy1TSEEyNTYmWC1BbXotQ3JlZGVudGlhbD1BS0lBM0xaVEhRSUMyMkFHUEk1RyUyRjIwMjMwNzE1JTJGZXUtd2VzdC0xJTJGczMlMkZhd3M0X3JlcXVlc3QmWC1BbXotRGF0ZT0yMDIzMDcxNVQxMTA4NTFaJlgtQW16LUV4cGlyZXM9MzYwMCZYLUFtei1TaWduZWRIZWFkZXJzPWhvc3QmWC1BbXotU2lnbmF0dXJlPTIwNDNkZmNlZjY4Nzc4ODA4NmJiNjcxYmRkYzliYzNlZTc5ZjIyMDU5NzgwN2FlYzEyOTYyOGEwZmRmM2RhYmINCg==",
            "content_base64sha256": "u+3Xjeo1xVD2IDtmTHPwwvWsuFPuUD23QY8lJD2SJOo=",
            "content_base64sha512": "oSStwdAFQgDHPoHy7hdln9RP6TcyyTKENrKILMFx9v9kGX3jErTcO3eDhGagi1vBcxZ98VLCaSCV0wducXRZ7A==",
            "content_md5": "72451802f6d8a3cee47b14c97adc3583",
            "content_sha1": "57a28f5da35570cd693d94356cc344a8a998e540",
            "content_sha256": "bbedd78dea35c550f6203b664c73f0c2f5acb853ee503db7418f25243d9224ea",
            "content_sha512": "a124adc1d0054200c73e81f2ee17659fd44fe93732c9328436b2882cc171f6ff64197de312b4dc3b77838466a08b5bc173167df152c2692095d3076e717459ec",
            "filename": "./image.url",
            "id": "57a28f5da35570cd693d94356cc344a8a998e540"
          },
          "sensitive_attributes": []
        }
      ]
    },
    {
      "mode": "data",
      "type": "local_file",
      "name": "text_url",
      "provider": "provider[\"registry.terraform.io/hashicorp/local\"]",
      "instances": [
        {
          "schema_version": 0,
          "attributes": {
            "content": "https://chapter03-presigned-objects.s3.eu-west-1.amazonaws.com/message.txt?X-Amz-Algorithm=AWS4-HMAC-SHA256\u0026X-Amz-Credential=AKIA3LZTHQIC22AGPI5G%2F20230714%2Feu-west-1%2Fs3%2Faws4_request\u0026X-Amz-Date=20230714T220522Z\u0026X-Amz-Expires=3600\u0026X-Amz-SignedHeaders=host\u0026X-Amz-Signature=cdd0e668960cc5671131a01620b88c8bffdd499ccd29c15109b6c02c545db07b\r\nhttps://chapter03-presigned-objects.s3.eu-west-1.amazonaws.com/message.txt?X-Amz-Algorithm=AWS4-HMAC-SHA256\u0026X-Amz-Credential=AKIA3LZTHQIC22AGPI5G%2F20230715%2Feu-west-1%2Fs3%2Faws4_request\u0026X-Amz-Date=20230715T110851Z\u0026X-Amz-Expires=3600\u0026X-Amz-SignedHeaders=host\u0026X-Amz-Signature=f51063291ad7723d86e4fd320e439cce9fde1a2226cbc5f4bb8f6c450f4f2fab\r\n",
            "content_base64": "aHR0cHM6Ly9jaGFwdGVyMDMtcHJlc2lnbmVkLW9iamVjdHMuczMuZXUtd2VzdC0xLmFtYXpvbmF3cy5jb20vbWVzc2FnZS50eHQ/WC1BbXotQWxnb3JpdGhtPUFXUzQtSE1BQy1TSEEyNTYmWC1BbXotQ3JlZGVudGlhbD1BS0lBM0xaVEhRSUMyMkFHUEk1RyUyRjIwMjMwNzE0JTJGZXUtd2VzdC0xJTJGczMlMkZhd3M0X3JlcXVlc3QmWC1BbXotRGF0ZT0yMDIzMDcxNFQyMjA1MjJaJlgtQW16LUV4cGlyZXM9MzYwMCZYLUFtei1TaWduZWRIZWFkZXJzPWhvc3QmWC1BbXotU2lnbmF0dXJlPWNkZDBlNjY4OTYwY2M1NjcxMTMxYTAxNjIwYjg4YzhiZmZkZDQ5OWNjZDI5YzE1MTA5YjZjMDJjNTQ1ZGIwN2INCmh0dHBzOi8vY2hhcHRlcjAzLXByZXNpZ25lZC1vYmplY3RzLnMzLmV1LXdlc3QtMS5hbWF6b25hd3MuY29tL21lc3NhZ2UudHh0P1gtQW16LUFsZ29yaXRobT1BV1M0LUhNQUMtU0hBMjU2JlgtQW16LUNyZWRlbnRpYWw9QUtJQTNMWlRIUUlDMjJBR1BJNUclMkYyMDIzMDcxNSUyRmV1LXdlc3QtMSUyRnMzJTJGYXdzNF9yZXF1ZXN0JlgtQW16LURhdGU9MjAyMzA3MTVUMTEwODUxWiZYLUFtei1FeHBpcmVzPTM2MDAmWC1BbXotU2lnbmVkSGVhZGVycz1ob3N0JlgtQW16LVNpZ25hdHVyZT1mNTEwNjMyOTFhZDc3MjNkODZlNGZkMzIwZTQzOWNjZTlmZGUxYTIyMjZjYmM1ZjRiYjhmNmM0NTBmNGYyZmFiDQo=",
            "content_base64sha256": "kVE2s0fomKZL6omQcngxmEvE1zYqJoKZITUdLqfQZXU=",
            "content_base64sha512": "JYDj10tZIOq9onB4OZFsfLdcrJ/N3xSSyxUL/Iwu6HUOIJzbnPdwIfhTduuzbM8wy3JwM9YLIONn+YsVIBgVzA==",
            "content_md5": "09f1d0658baf1460766ccf17dcb1baef",
            "content_sha1": "24f1f4553739b8be0f765e508e422e77b4fa224f",
            "content_sha256": "915136b347e898a64bea8990727831984bc4d7362a26829921351d2ea7d06575",
            "content_sha512": "2580e3d74b5920eabda2707839916c7cb75cac9fcddf1492cb150bfc8c2ee8750e209cdb9cf77021f85376ebb36ccf30cb727033d60b20e367f98b15201815cc",
            "filename": "./text.url",
            "id": "24f1f4553739b8be0f765e508e422e77b4fa224f"
          },
          "sensitive_attributes": []
        }
      ]
    },
    {
      "mode": "managed",
      "type": "aws_s3_bucket",
      "name": "s3_lifecycle_bucket",
      "provider": "provider[\"registry.terraform.io/hashicorp/aws\"]",
      "instances": [
        {
          "schema_version": 0,
          "attributes": {
            "acceleration_status": "",
            "acl": null,
            "arn": "arn:aws:s3:::chapter03-my-small-enterprise",
            "bucket": "chapter03-my-small-enterprise",
            "bucket_domain_name": "chapter03-my-small-enterprise.s3.amazonaws.com",
            "bucket_prefix": "",
            "bucket_regional_domain_name": "chapter03-my-small-enterprise.s3.eu-west-1.amazonaws.com",
            "cors_rule": [],
            "force_destroy": false,
            "grant": [
              {
                "id": "3a8d8c2cb8f6a31ebc6584f7e1af5dbf92c392c02c0794add36e3690f9958109",
                "permissions": [
                  "FULL_CONTROL"
                ],
                "type": "CanonicalUser",
                "uri": ""
              }
            ],
            "hosted_zone_id": "Z1BKCTXD74EZPE",
            "id": "chapter03-my-small-enterprise",
            "lifecycle_rule": [
              {
                "abort_incomplete_multipart_upload_days": 0,
                "enabled": true,
                "expiration": [],
                "id": "sales-rule",
                "noncurrent_version_expiration": [],
                "noncurrent_version_transition": [],
                "prefix": "sales-docs/",
                "tags": {},
                "transition": [
                  {
                    "date": "",
                    "days": 30,
                    "storage_class": "STANDARD_IA"
                  },
                  {
                    "date": "",
                    "days": 365,
                    "storage_class": "GLACIER"
                  }
                ]
              }
            ],
            "logging": [],
            "object_lock_configuration": [],
            "object_lock_enabled": false,
            "policy": "",
            "region": "eu-west-1",
            "replication_configuration": [],
            "request_payer": "BucketOwner",
            "server_side_encryption_configuration": [
              {
                "rule": [
                  {
                    "apply_server_side_encryption_by_default": [
                      {
                        "kms_master_key_id": "",
                        "sse_algorithm": "AES256"
                      }
                    ],
                    "bucket_key_enabled": false
                  }
                ]
              }
            ],
            "tags": {
              "Name": "chapter03-my-small-enterprise",
              "workspace": "chapter03"
            },
            "tags_all": {
              "Name": "chapter03-my-small-enterprise",
              "workspace": "chapter03"
            },
            "timeouts": null,
            "versioning": [
              {
                "enabled": true,
                "mfa_delete": false
              }
            ],
            "website": [],
            "website_domain": null,
            "website_endpoint": null
          },
          "sensitive_attributes": [],
          "private": "eyJlMmJmYjczMC1lY2FhLTExZTYtOGY4OC0zNDM2M2JjN2M0YzAiOnsiY3JlYXRlIjoxMjAwMDAwMDAwMDAwLCJkZWxldGUiOjM2MDAwMDAwMDAwMDAsInJlYWQiOjEyMDAwMDAwMDAwMDAsInVwZGF0ZSI6MTIwMDAwMDAwMDAwMH19"
        }
      ]
    },
    {
      "mode": "managed",
      "type": "aws_s3_bucket",
      "name": "s3_presigned_bucket",
      "provider": "provider[\"registry.terraform.io/hashicorp/aws\"]",
      "instances": [
        {
          "schema_version": 0,
          "attributes": {
            "acceleration_status": "",
            "acl": null,
            "arn": "arn:aws:s3:::chapter03-presigned-objects",
            "bucket": "chapter03-presigned-objects",
            "bucket_domain_name": "chapter03-presigned-objects.s3.amazonaws.com",
            "bucket_prefix": "",
            "bucket_regional_domain_name": "chapter03-presigned-objects.s3.eu-west-1.amazonaws.com",
            "cors_rule": [],
            "force_destroy": false,
            "grant": [
              {
                "id": "3a8d8c2cb8f6a31ebc6584f7e1af5dbf92c392c02c0794add36e3690f9958109",
                "permissions": [
                  "FULL_CONTROL"
                ],
                "type": "CanonicalUser",
                "uri": ""
              }
            ],
            "hosted_zone_id": "Z1BKCTXD74EZPE",
            "id": "chapter03-presigned-objects",
            "lifecycle_rule": [],
            "logging": [],
            "object_lock_configuration": [],
            "object_lock_enabled": false,
            "policy": "",
            "region": "eu-west-1",
            "replication_configuration": [],
            "request_payer": "BucketOwner",
            "server_side_encryption_configuration": [
              {
                "rule": [
                  {
                    "apply_server_side_encryption_by_default": [
                      {
                        "kms_master_key_id": "",
                        "sse_algorithm": "AES256"
                      }
                    ],
                    "bucket_key_enabled": false
                  }
                ]
              }
            ],
            "tags": {
              "Name": "chapter03-presigned-objects",
              "workspace": "chapter03"
            },
            "tags_all": {
              "Name": "chapter03-presigned-objects",
              "workspace": "chapter03"
            },
            "timeouts": null,
            "versioning": [
              {
                "enabled": true,
                "mfa_delete": false
              }
            ],
            "website": [],
            "website_domain": null,
            "website_endpoint": null
          },
          "sensitive_attributes": [],
          "private": "eyJlMmJmYjczMC1lY2FhLTExZTYtOGY4OC0zNDM2M2JjN2M0YzAiOnsiY3JlYXRlIjoxMjAwMDAwMDAwMDAwLCJkZWxldGUiOjM2MDAwMDAwMDAwMDAsInJlYWQiOjEyMDAwMDAwMDAwMDAsInVwZGF0ZSI6MTIwMDAwMDAwMDAwMH19"
        }
      ]
    },
    {
      "mode": "managed",
      "type": "aws_s3_bucket",
      "name": "s3_website_bucket",
      "provider": "provider[\"registry.terraform.io/hashicorp/aws\"]",
      "instances": [
        {
          "schema_version": 0,
          "attributes": {
            "acceleration_status": "",
            "acl": null,
            "arn": "arn:aws:s3:::chapter03-website",
            "bucket": "chapter03-website",
            "bucket_domain_name": "chapter03-website.s3.amazonaws.com",
            "bucket_prefix": "",
            "bucket_regional_domain_name": "chapter03-website.s3.eu-west-1.amazonaws.com",
            "cors_rule": [],
            "force_destroy": false,
            "grant": [
              {
                "id": "3a8d8c2cb8f6a31ebc6584f7e1af5dbf92c392c02c0794add36e3690f9958109",
                "permissions": [
                  "FULL_CONTROL"
                ],
                "type": "CanonicalUser",
                "uri": ""
              }
            ],
            "hosted_zone_id": "Z1BKCTXD74EZPE",
            "id": "chapter03-website",
            "lifecycle_rule": [],
            "logging": [],
            "object_lock_configuration": [],
            "object_lock_enabled": false,
            "policy": "",
            "region": "eu-west-1",
            "replication_configuration": [],
            "request_payer": "BucketOwner",
            "server_side_encryption_configuration": [
              {
                "rule": [
                  {
                    "apply_server_side_encryption_by_default": [
                      {
                        "kms_master_key_id": "",
                        "sse_algorithm": "AES256"
                      }
                    ],
                    "bucket_key_enabled": false
                  }
                ]
              }
            ],
            "tags": {
              "Name": "chapter03-website",
              "workspace": "chapter03"
            },
            "tags_all": {
              "Name": "chapter03-website",
              "workspace": "chapter03"
            },
            "timeouts": null,
            "versioning": [
              {
                "enabled": true,
                "mfa_delete": false
              }
            ],
            "website": [],
            "website_domain": null,
            "website_endpoint": null
          },
          "sensitive_attributes": [],
          "private": "eyJlMmJmYjczMC1lY2FhLTExZTYtOGY4OC0zNDM2M2JjN2M0YzAiOnsiY3JlYXRlIjoxMjAwMDAwMDAwMDAwLCJkZWxldGUiOjM2MDAwMDAwMDAwMDAsInJlYWQiOjEyMDAwMDAwMDAwMDAsInVwZGF0ZSI6MTIwMDAwMDAwMDAwMH19"
        }
      ]
    },
    {
      "mode": "managed",
      "type": "aws_s3_bucket_lifecycle_configuration",
      "name": "s3_lifecycle_bucket_object_lifecycle",
      "provider": "provider[\"registry.terraform.io/hashicorp/aws\"]",
      "instances": [
        {
          "schema_version": 0,
          "attributes": {
            "bucket": "chapter03-my-small-enterprise",
            "expected_bucket_owner": "",
            "id": "chapter03-my-small-enterprise",
            "rule": [
              {
                "abort_incomplete_multipart_upload": [],
                "expiration": [],
                "filter": [
                  {
                    "and": [],
                    "object_size_greater_than": "",
                    "object_size_less_than": "",
                    "prefix": "sales-docs/",
                    "tag": []
                  }
                ],
                "id": "sales-rule",
                "noncurrent_version_expiration": [],
                "noncurrent_version_transition": [],
                "prefix": "",
                "status": "Enabled",
                "transition": [
                  {
                    "date": "",
                    "days": 30,
                    "storage_class": "STANDARD_IA"
                  },
                  {
                    "date": "",
                    "days": 365,
                    "storage_class": "GLACIER"
                  }
                ]
              }
            ]
          },
          "sensitive_attributes": [],
          "private": "bnVsbA==",
          "dependencies": [
            "aws_s3_bucket.s3_lifecycle_bucket"
          ]
        }
      ]
    },
    {
      "mode": "managed",
      "type": "aws_s3_bucket_policy",
      "name": "s3_website_bucket_policy",
      "provider": "provider[\"registry.terraform.io/hashicorp/aws\"]",
      "instances": [
        {
          "schema_version": 0,
          "attributes": {
            "bucket": "chapter03-website",
            "id": "chapter03-website",
            "policy": "{\"Statement\":[{\"Action\":[\"s3:GetObject\"],\"Effect\":\"Allow\",\"Principal\":\"*\",\"Resource\":[\"arn:aws:s3:::chapter03-website/*\"],\"Sid\":\"WebSitePolicy\"}],\"Version\":\"2012-10-17\"}"
          },
          "sensitive_attributes": [],
          "private": "bnVsbA==",
          "dependencies": [
            "aws_s3_bucket.s3_website_bucket"
          ]
        }
      ]
    },
    {
      "mode": "managed",
      "type": "aws_s3_bucket_public_access_block",
      "name": "s3_lifecycle_bucket_public_access",
      "provider": "provider[\"registry.terraform.io/hashicorp/aws\"]",
      "instances": [
        {
          "schema_version": 0,
          "attributes": {
            "block_public_acls": false,
            "block_public_policy": false,
            "bucket": "chapter03-my-small-enterprise",
            "id": "chapter03-my-small-enterprise",
            "ignore_public_acls": false,
            "restrict_public_buckets": false
          },
          "sensitive_attributes": [],
          "private": "bnVsbA==",
          "dependencies": [
            "aws_s3_bucket.s3_lifecycle_bucket"
          ]
        }
      ]
    },
    {
      "mode": "managed",
      "type": "aws_s3_bucket_public_access_block",
      "name": "s3_presigned_bucket_public_access",
      "provider": "provider[\"registry.terraform.io/hashicorp/aws\"]",
      "instances": [
        {
          "schema_version": 0,
          "attributes": {
            "block_public_acls": true,
            "block_public_policy": true,
            "bucket": "chapter03-presigned-objects",
            "id": "chapter03-presigned-objects",
            "ignore_public_acls": true,
            "restrict_public_buckets": true
          },
          "sensitive_attributes": [],
          "private": "bnVsbA==",
          "dependencies": [
            "aws_s3_bucket.s3_presigned_bucket"
          ]
        }
      ]
    },
    {
      "mode": "managed",
      "type": "aws_s3_bucket_public_access_block",
      "name": "s3_website_bucket_public_access",
      "provider": "provider[\"registry.terraform.io/hashicorp/aws\"]",
      "instances": [
        {
          "schema_version": 0,
          "attributes": {
            "block_public_acls": false,
            "block_public_policy": false,
            "bucket": "chapter03-website",
            "id": "chapter03-website",
            "ignore_public_acls": false,
            "restrict_public_buckets": false
          },
          "sensitive_attributes": [],
          "private": "bnVsbA==",
          "dependencies": [
            "aws_s3_bucket.s3_website_bucket"
          ]
        }
      ]
    },
    {
      "mode": "managed",
      "type": "aws_s3_bucket_versioning",
      "name": "s3_lifecycle_lifecycle_versioning",
      "provider": "provider[\"registry.terraform.io/hashicorp/aws\"]",
      "instances": [
        {
          "schema_version": 0,
          "attributes": {
            "bucket": "chapter03-my-small-enterprise",
            "expected_bucket_owner": "",
            "id": "chapter03-my-small-enterprise",
            "mfa": null,
            "versioning_configuration": [
              {
                "mfa_delete": "",
                "status": "Enabled"
              }
            ]
          },
          "sensitive_attributes": [],
          "private": "bnVsbA==",
          "dependencies": [
            "aws_s3_bucket.s3_lifecycle_bucket"
          ]
        }
      ]
    },
    {
      "mode": "managed",
      "type": "aws_s3_bucket_versioning",
      "name": "s3_presigned_bucket_versioning",
      "provider": "provider[\"registry.terraform.io/hashicorp/aws\"]",
      "instances": [
        {
          "schema_version": 0,
          "attributes": {
            "bucket": "chapter03-presigned-objects",
            "expected_bucket_owner": "",
            "id": "chapter03-presigned-objects",
            "mfa": null,
            "versioning_configuration": [
              {
                "mfa_delete": "",
                "status": "Enabled"
              }
            ]
          },
          "sensitive_attributes": [],
          "private": "bnVsbA==",
          "dependencies": [
            "aws_s3_bucket.s3_presigned_bucket"
          ]
        }
      ]
    },
    {
      "mode": "managed",
      "type": "aws_s3_bucket_versioning",
      "name": "s3_website_bucket_versioning",
      "provider": "provider[\"registry.terraform.io/hashicorp/aws\"]",
      "instances": [
        {
          "schema_version": 0,
          "attributes": {
            "bucket": "chapter03-website",
            "expected_bucket_owner": "",
            "id": "chapter03-website",
            "mfa": null,
            "versioning_configuration": [
              {
                "mfa_delete": "",
                "status": "Enabled"
              }
            ]
          },
          "sensitive_attributes": [],
          "private": "bnVsbA==",
          "dependencies": [
            "aws_s3_bucket.s3_website_bucket"
          ]
        }
      ]
    },
    {
      "mode": "managed",
      "type": "aws_s3_bucket_website_configuration",
      "name": "s3_website_bucket_configuration",
      "provider": "provider[\"registry.terraform.io/hashicorp/aws\"]",
      "instances": [
        {
          "schema_version": 0,
          "attributes": {
            "bucket": "chapter03-website",
            "error_document": [],
            "expected_bucket_owner": "",
            "id": "chapter03-website",
            "index_document": [
              {
                "suffix": "index.html"
              }
            ],
            "redirect_all_requests_to": [],
            "routing_rule": [],
            "routing_rules": "",
            "website_domain": "s3-website-eu-west-1.amazonaws.com",
            "website_endpoint": "chapter03-website.s3-website-eu-west-1.amazonaws.com"
          },
          "sensitive_attributes": [],
          "private": "bnVsbA==",
          "dependencies": [
            "aws_s3_bucket.s3_website_bucket",
            "aws_s3_bucket_policy.s3_website_bucket_policy",
            "aws_s3_bucket_public_access_block.s3_website_bucket_public_access",
            "aws_s3_bucket_versioning.s3_website_bucket_versioning",
            "aws_s3_object.s3_website_bucket_objects"
          ]
        }
      ]
    },
    {
      "mode": "managed",
      "type": "aws_s3_object",
      "name": "s3_lifecycle_bucket_objects",
      "provider": "provider[\"registry.terraform.io/hashicorp/aws\"]",
      "instances": [
        {
          "index_key": "audit_files/it_audit.txt",
          "schema_version": 0,
          "attributes": {
            "acl": null,
            "bucket": "chapter03-my-small-enterprise",
            "bucket_key_enabled": false,
            "cache_control": "",
            "content": null,
            "content_base64": null,
            "content_disposition": "",
            "content_encoding": "",
            "content_language": "",
            "content_type": "binary/octet-stream",
            "etag": "c267bd0ab28c4766371e2c38a6d7bf56",
            "force_destroy": false,
            "id": "audit_files/it_audit.txt",
            "key": "audit_files/it_audit.txt",
            "kms_key_id": null,
            "metadata": {},
            "object_lock_legal_hold_status": "",
            "object_lock_mode": "",
            "object_lock_retain_until_date": "",
            "server_side_encryption": "AES256",
            "source": "files/lifecycle/audit_files/it_audit.txt",
            "source_hash": null,
            "storage_class": "STANDARD",
            "tags": {},
            "tags_all": {},
            "version_id": "null",
            "website_redirect": ""
          },
          "sensitive_attributes": [],
          "private": "bnVsbA==",
          "dependencies": [
            "aws_s3_bucket.s3_lifecycle_bucket"
          ]
        },
        {
          "index_key": "audit_files/r_and_d_audit.txt",
          "schema_version": 0,
          "attributes": {
            "acl": null,
            "bucket": "chapter03-my-small-enterprise",
            "bucket_key_enabled": false,
            "cache_control": "",
            "content": null,
            "content_base64": null,
            "content_disposition": "",
            "content_encoding": "",
            "content_language": "",
            "content_type": "binary/octet-stream",
            "etag": "92703bca35cb14a4de35662c61f024bc",
            "force_destroy": false,
            "id": "audit_files/r_and_d_audit.txt",
            "key": "audit_files/r_and_d_audit.txt",
            "kms_key_id": null,
            "metadata": {},
            "object_lock_legal_hold_status": "",
            "object_lock_mode": "",
            "object_lock_retain_until_date": "",
            "server_side_encryption": "AES256",
            "source": "files/lifecycle/audit_files/r_and_d_audit.txt",
            "source_hash": null,
            "storage_class": "STANDARD",
            "tags": {},
            "tags_all": {},
            "version_id": "null",
            "website_redirect": ""
          },
          "sensitive_attributes": [],
          "private": "bnVsbA==",
          "dependencies": [
            "aws_s3_bucket.s3_lifecycle_bucket"
          ]
        },
        {
          "index_key": "audit_files/sales_audit.txt",
          "schema_version": 0,
          "attributes": {
            "acl": null,
            "bucket": "chapter03-my-small-enterprise",
            "bucket_key_enabled": false,
            "cache_control": "",
            "content": null,
            "content_base64": null,
            "content_disposition": "",
            "content_encoding": "",
            "content_language": "",
            "content_type": "binary/octet-stream",
            "etag": "5e8ab549cf398ddbc28ffcd24ef05e0c",
            "force_destroy": false,
            "id": "audit_files/sales_audit.txt",
            "key": "audit_files/sales_audit.txt",
            "kms_key_id": null,
            "metadata": {},
            "object_lock_legal_hold_status": "",
            "object_lock_mode": "",
            "object_lock_retain_until_date": "",
            "server_side_encryption": "AES256",
            "source": "files/lifecycle/audit_files/sales_audit.txt",
            "source_hash": null,
            "storage_class": "STANDARD",
            "tags": {},
            "tags_all": {},
            "version_id": "null",
            "website_redirect": ""
          },
          "sensitive_attributes": [],
          "private": "bnVsbA==",
          "dependencies": [
            "aws_s3_bucket.s3_lifecycle_bucket"
          ]
        },
        {
          "index_key": "sales-docs/autumn-sales.csv",
          "schema_version": 0,
          "attributes": {
            "acl": null,
            "bucket": "chapter03-my-small-enterprise",
            "bucket_key_enabled": false,
            "cache_control": "",
            "content": null,
            "content_base64": null,
            "content_disposition": "",
            "content_encoding": "",
            "content_language": "",
            "content_type": "binary/octet-stream",
            "etag": "60059cb6cd6a14c76bebf93d320c4a04",
            "force_destroy": false,
            "id": "sales-docs/autumn-sales.csv",
            "key": "sales-docs/autumn-sales.csv",
            "kms_key_id": null,
            "metadata": {},
            "object_lock_legal_hold_status": "",
            "object_lock_mode": "",
            "object_lock_retain_until_date": "",
            "server_side_encryption": "AES256",
            "source": "files/lifecycle/sales-docs/autumn-sales.csv",
            "source_hash": null,
            "storage_class": "STANDARD",
            "tags": {},
            "tags_all": {},
            "version_id": "null",
            "website_redirect": ""
          },
          "sensitive_attributes": [],
          "private": "bnVsbA==",
          "dependencies": [
            "aws_s3_bucket.s3_lifecycle_bucket"
          ]
        },
        {
          "index_key": "sales-docs/spring-sales.csv",
          "schema_version": 0,
          "attributes": {
            "acl": null,
            "bucket": "chapter03-my-small-enterprise",
            "bucket_key_enabled": false,
            "cache_control": "",
            "content": null,
            "content_base64": null,
            "content_disposition": "",
            "content_encoding": "",
            "content_language": "",
            "content_type": "binary/octet-stream",
            "etag": "60059cb6cd6a14c76bebf93d320c4a04",
            "force_destroy": false,
            "id": "sales-docs/spring-sales.csv",
            "key": "sales-docs/spring-sales.csv",
            "kms_key_id": null,
            "metadata": {},
            "object_lock_legal_hold_status": "",
            "object_lock_mode": "",
            "object_lock_retain_until_date": "",
            "server_side_encryption": "AES256",
            "source": "files/lifecycle/sales-docs/spring-sales.csv",
            "source_hash": null,
            "storage_class": "STANDARD",
            "tags": {},
            "tags_all": {},
            "version_id": "e8G6QC7avSgaWxsgpaT2xWtOyM7_Ba7H",
            "website_redirect": ""
          },
          "sensitive_attributes": [],
          "private": "bnVsbA==",
          "dependencies": [
            "aws_s3_bucket.s3_lifecycle_bucket"
          ]
        },
        {
          "index_key": "sales-docs/summer-sales.csv",
          "schema_version": 0,
          "attributes": {
            "acl": null,
            "bucket": "chapter03-my-small-enterprise",
            "bucket_key_enabled": false,
            "cache_control": "",
            "content": null,
            "content_base64": null,
            "content_disposition": "",
            "content_encoding": "",
            "content_language": "",
            "content_type": "binary/octet-stream",
            "etag": "60059cb6cd6a14c76bebf93d320c4a04",
            "force_destroy": false,
            "id": "sales-docs/summer-sales.csv",
            "key": "sales-docs/summer-sales.csv",
            "kms_key_id": null,
            "metadata": {},
            "object_lock_legal_hold_status": "",
            "object_lock_mode": "",
            "object_lock_retain_until_date": "",
            "server_side_encryption": "AES256",
            "source": "files/lifecycle/sales-docs/summer-sales.csv",
            "source_hash": null,
            "storage_class": "STANDARD",
            "tags": {},
            "tags_all": {},
            "version_id": "null",
            "website_redirect": ""
          },
          "sensitive_attributes": [],
          "private": "bnVsbA==",
          "dependencies": [
            "aws_s3_bucket.s3_lifecycle_bucket"
          ]
        },
        {
          "index_key": "sales-docs/winter-sales.csv",
          "schema_version": 0,
          "attributes": {
            "acl": null,
            "bucket": "chapter03-my-small-enterprise",
            "bucket_key_enabled": false,
            "cache_control": "",
            "content": null,
            "content_base64": null,
            "content_disposition": "",
            "content_encoding": "",
            "content_language": "",
            "content_type": "binary/octet-stream",
            "etag": "60059cb6cd6a14c76bebf93d320c4a04",
            "force_destroy": false,
            "id": "sales-docs/winter-sales.csv",
            "key": "sales-docs/winter-sales.csv",
            "kms_key_id": null,
            "metadata": {},
            "object_lock_legal_hold_status": "",
            "object_lock_mode": "",
            "object_lock_retain_until_date": "",
            "server_side_encryption": "AES256",
            "source": "files/lifecycle/sales-docs/winter-sales.csv",
            "source_hash": null,
            "storage_class": "STANDARD",
            "tags": {},
            "tags_all": {},
            "version_id": "null",
            "website_redirect": ""
          },
          "sensitive_attributes": [],
          "private": "bnVsbA==",
          "dependencies": [
            "aws_s3_bucket.s3_lifecycle_bucket"
          ]
        }
      ]
    },
    {
      "mode": "managed",
      "type": "aws_s3_object",
      "name": "s3_presigned_object_audio",
      "provider": "provider[\"registry.terraform.io/hashicorp/aws\"]",
      "instances": [
        {
          "schema_version": 0,
          "attributes": {
            "acl": null,
            "bucket": "chapter03-presigned-objects",
            "bucket_key_enabled": false,
            "cache_control": "",
            "content": null,
            "content_base64": null,
            "content_disposition": "",
            "content_encoding": "",
            "content_language": "",
            "content_type": "binary/octet-stream",
            "etag": "89991f4d5af11799918f883e58afae7d",
            "force_destroy": false,
            "id": "audio_message.mp3",
            "key": "audio_message.mp3",
            "kms_key_id": null,
            "metadata": {},
            "object_lock_legal_hold_status": "",
            "object_lock_mode": "",
            "object_lock_retain_until_date": "",
            "server_side_encryption": "AES256",
            "source": "files/presigned/audio_message.mp3",
            "source_hash": null,
            "storage_class": "STANDARD",
            "tags": {},
            "tags_all": {},
            "version_id": "zxImGXWJUR2l0H6d6hOU8vKl5h6Nm49N",
            "website_redirect": ""
          },
          "sensitive_attributes": [],
          "private": "bnVsbA==",
          "dependencies": [
            "aws_s3_bucket.s3_presigned_bucket"
          ]
        }
      ]
    },
    {
      "mode": "managed",
      "type": "aws_s3_object",
      "name": "s3_presigned_object_image",
      "provider": "provider[\"registry.terraform.io/hashicorp/aws\"]",
      "instances": [
        {
          "schema_version": 0,
          "attributes": {
            "acl": null,
            "bucket": "chapter03-presigned-objects",
            "bucket_key_enabled": false,
            "cache_control": "",
            "content": null,
            "content_base64": null,
            "content_disposition": "",
            "content_encoding": "",
            "content_language": "",
            "content_type": "binary/octet-stream",
            "etag": "333a6e94f0bd0662c801db6b489f68f3",
            "force_destroy": false,
            "id": "movie_devourer.png",
            "key": "movie_devourer.png",
            "kms_key_id": null,
            "metadata": {},
            "object_lock_legal_hold_status": "",
            "object_lock_mode": "",
            "object_lock_retain_until_date": "",
            "server_side_encryption": "AES256",
            "source": "files/presigned/movie_devourer.png",
            "source_hash": null,
            "storage_class": "STANDARD",
            "tags": {},
            "tags_all": {},
            "version_id": "xK890yUMrRxa44OJtpX5Myl8DEYiuo8G",
            "website_redirect": ""
          },
          "sensitive_attributes": [],
          "private": "bnVsbA==",
          "dependencies": [
            "aws_s3_bucket.s3_presigned_bucket"
          ]
        }
      ]
    },
    {
      "mode": "managed",
      "type": "aws_s3_object",
      "name": "s3_presigned_object_text",
      "provider": "provider[\"registry.terraform.io/hashicorp/aws\"]",
      "instances": [
        {
          "schema_version": 0,
          "attributes": {
            "acl": null,
            "bucket": "chapter03-presigned-objects",
            "bucket_key_enabled": false,
            "cache_control": "",
            "content": null,
            "content_base64": null,
            "content_disposition": "",
            "content_encoding": "",
            "content_language": "",
            "content_type": "binary/octet-stream",
            "etag": "e75fd5b97055ee47ba1a29b50f1a7443",
            "force_destroy": false,
            "id": "message.txt",
            "key": "message.txt",
            "kms_key_id": null,
            "metadata": {},
            "object_lock_legal_hold_status": "",
            "object_lock_mode": "",
            "object_lock_retain_until_date": "",
            "server_side_encryption": "AES256",
            "source": "files/presigned/message.txt",
            "source_hash": null,
            "storage_class": "STANDARD",
            "tags": {},
            "tags_all": {},
            "version_id": "2KNBjb6Dq7Vs0vtpybwg8y6PsnhLoYMC",
            "website_redirect": ""
          },
          "sensitive_attributes": [],
          "private": "bnVsbA==",
          "dependencies": [
            "aws_s3_bucket.s3_presigned_bucket"
          ]
        }
      ]
    },
    {
      "mode": "managed",
      "type": "aws_s3_object",
      "name": "s3_website_bucket_objects",
      "provider": "provider[\"registry.terraform.io/hashicorp/aws\"]",
      "instances": [
        {
          "index_key": ".last_build_id",
          "schema_version": 0,
          "attributes": {
            "acl": null,
            "bucket": "chapter03-website",
            "bucket_key_enabled": false,
            "cache_control": "",
            "content": null,
            "content_base64": null,
            "content_disposition": "",
            "content_encoding": "",
            "content_language": "",
            "content_type": "binary/octet-stream",
            "etag": "5d21f181b8076c9653e8a8b5b4e3198c",
            "force_destroy": false,
            "id": ".last_build_id",
            "key": ".last_build_id",
            "kms_key_id": null,
            "metadata": {},
            "object_lock_legal_hold_status": "",
            "object_lock_mode": "",
            "object_lock_retain_until_date": "",
            "server_side_encryption": "AES256",
            "source": "files/website/.last_build_id",
            "source_hash": null,
            "storage_class": "STANDARD",
            "tags": {},
            "tags_all": {},
            "version_id": "null",
            "website_redirect": ""
          },
          "sensitive_attributes": [],
          "private": "bnVsbA==",
          "dependencies": [
            "aws_s3_bucket.s3_website_bucket"
          ]
        },
        {
          "index_key": "assets/AssetManifest.json",
          "schema_version": 0,
          "attributes": {
            "acl": null,
            "bucket": "chapter03-website",
            "bucket_key_enabled": false,
            "cache_control": "",
            "content": null,
            "content_base64": null,
            "content_disposition": "",
            "content_encoding": "",
            "content_language": "",
            "content_type": "binary/octet-stream",
            "etag": "0f603b3dda0497b93132315dd7c2a5fc",
            "force_destroy": false,
            "id": "assets/AssetManifest.json",
            "key": "assets/AssetManifest.json",
            "kms_key_id": null,
            "metadata": {},
            "object_lock_legal_hold_status": "",
            "object_lock_mode": "",
            "object_lock_retain_until_date": "",
            "server_side_encryption": "AES256",
            "source": "files/website/assets/AssetManifest.json",
            "source_hash": null,
            "storage_class": "STANDARD",
            "tags": {},
            "tags_all": {},
            "version_id": "null",
            "website_redirect": ""
          },
          "sensitive_attributes": [],
          "private": "bnVsbA==",
          "dependencies": [
            "aws_s3_bucket.s3_website_bucket"
          ]
        },
        {
          "index_key": "assets/FontManifest.json",
          "schema_version": 0,
          "attributes": {
            "acl": null,
            "bucket": "chapter03-website",
            "bucket_key_enabled": false,
            "cache_control": "",
            "content": null,
            "content_base64": null,
            "content_disposition": "",
            "content_encoding": "",
            "content_language": "",
            "content_type": "binary/octet-stream",
            "etag": "5c7ca5bdc2beacaec611be5a91b2a26f",
            "force_destroy": false,
            "id": "assets/FontManifest.json",
            "key": "assets/FontManifest.json",
            "kms_key_id": null,
            "metadata": {},
            "object_lock_legal_hold_status": "",
            "object_lock_mode": "",
            "object_lock_retain_until_date": "",
            "server_side_encryption": "AES256",
            "source": "files/website/assets/FontManifest.json",
            "source_hash": null,
            "storage_class": "STANDARD",
            "tags": {},
            "tags_all": {},
            "version_id": "null",
            "website_redirect": ""
          },
          "sensitive_attributes": [],
          "private": "bnVsbA==",
          "dependencies": [
            "aws_s3_bucket.s3_website_bucket"
          ]
        },
        {
          "index_key": "assets/fonts/MaterialIcons-Regular.otf",
          "schema_version": 0,
          "attributes": {
            "acl": null,
            "bucket": "chapter03-website",
            "bucket_key_enabled": false,
            "cache_control": "",
            "content": null,
            "content_base64": null,
            "content_disposition": "",
            "content_encoding": "",
            "content_language": "",
            "content_type": "binary/octet-stream",
            "etag": "e7069dfd19b331be16bed984668fe080",
            "force_destroy": false,
            "id": "assets/fonts/MaterialIcons-Regular.otf",
            "key": "assets/fonts/MaterialIcons-Regular.otf",
            "kms_key_id": null,
            "metadata": {},
            "object_lock_legal_hold_status": "",
            "object_lock_mode": "",
            "object_lock_retain_until_date": "",
            "server_side_encryption": "AES256",
            "source": "files/website/assets/fonts/MaterialIcons-Regular.otf",
            "source_hash": null,
            "storage_class": "STANDARD",
            "tags": {},
            "tags_all": {},
            "version_id": "null",
            "website_redirect": ""
          },
          "sensitive_attributes": [],
          "private": "bnVsbA==",
          "dependencies": [
            "aws_s3_bucket.s3_website_bucket"
          ]
        },
        {
          "index_key": "assets/packages/cupertino_icons/assets/CupertinoIcons.ttf",
          "schema_version": 0,
          "attributes": {
            "acl": null,
            "bucket": "chapter03-website",
            "bucket_key_enabled": false,
            "cache_control": "",
            "content": null,
            "content_base64": null,
            "content_disposition": "",
            "content_encoding": "",
            "content_language": "",
            "content_type": "binary/octet-stream",
            "etag": "6d342eb68f170c97609e9da345464e5e",
            "force_destroy": false,
            "id": "assets/packages/cupertino_icons/assets/CupertinoIcons.ttf",
            "key": "assets/packages/cupertino_icons/assets/CupertinoIcons.ttf",
            "kms_key_id": null,
            "metadata": {},
            "object_lock_legal_hold_status": "",
            "object_lock_mode": "",
            "object_lock_retain_until_date": "",
            "server_side_encryption": "AES256",
            "source": "files/website/assets/packages/cupertino_icons/assets/CupertinoIcons.ttf",
            "source_hash": null,
            "storage_class": "STANDARD",
            "tags": {},
            "tags_all": {},
            "version_id": "null",
            "website_redirect": ""
          },
          "sensitive_attributes": [],
          "private": "bnVsbA==",
          "dependencies": [
            "aws_s3_bucket.s3_website_bucket"
          ]
        },
        {
          "index_key": "assets/packages/font_awesome_flutter/lib/fonts/fa-brands-400.ttf",
          "schema_version": 0,
          "attributes": {
            "acl": null,
            "bucket": "chapter03-website",
            "bucket_key_enabled": false,
            "cache_control": "",
            "content": null,
            "content_base64": null,
            "content_disposition": "",
            "content_encoding": "",
            "content_language": "",
            "content_type": "binary/octet-stream",
            "etag": "b00363533ebe0bfdb95f3694d7647f6d",
            "force_destroy": false,
            "id": "assets/packages/font_awesome_flutter/lib/fonts/fa-brands-400.ttf",
            "key": "assets/packages/font_awesome_flutter/lib/fonts/fa-brands-400.ttf",
            "kms_key_id": null,
            "metadata": {},
            "object_lock_legal_hold_status": "",
            "object_lock_mode": "",
            "object_lock_retain_until_date": "",
            "server_side_encryption": "AES256",
            "source": "files/website/assets/packages/font_awesome_flutter/lib/fonts/fa-brands-400.ttf",
            "source_hash": null,
            "storage_class": "STANDARD",
            "tags": {},
            "tags_all": {},
            "version_id": "null",
            "website_redirect": ""
          },
          "sensitive_attributes": [],
          "private": "bnVsbA==",
          "dependencies": [
            "aws_s3_bucket.s3_website_bucket"
          ]
        },
        {
          "index_key": "assets/packages/font_awesome_flutter/lib/fonts/fa-regular-400.ttf",
          "schema_version": 0,
          "attributes": {
            "acl": null,
            "bucket": "chapter03-website",
            "bucket_key_enabled": false,
            "cache_control": "",
            "content": null,
            "content_base64": null,
            "content_disposition": "",
            "content_encoding": "",
            "content_language": "",
            "content_type": "binary/octet-stream",
            "etag": "0a94bab8e306520dc6ae14c2573972ad",
            "force_destroy": false,
            "id": "assets/packages/font_awesome_flutter/lib/fonts/fa-regular-400.ttf",
            "key": "assets/packages/font_awesome_flutter/lib/fonts/fa-regular-400.ttf",
            "kms_key_id": null,
            "metadata": {},
            "object_lock_legal_hold_status": "",
            "object_lock_mode": "",
            "object_lock_retain_until_date": "",
            "server_side_encryption": "AES256",
            "source": "files/website/assets/packages/font_awesome_flutter/lib/fonts/fa-regular-400.ttf",
            "source_hash": null,
            "storage_class": "STANDARD",
            "tags": {},
            "tags_all": {},
            "version_id": "null",
            "website_redirect": ""
          },
          "sensitive_attributes": [],
          "private": "bnVsbA==",
          "dependencies": [
            "aws_s3_bucket.s3_website_bucket"
          ]
        },
        {
          "index_key": "assets/packages/font_awesome_flutter/lib/fonts/fa-solid-900.ttf",
          "schema_version": 0,
          "attributes": {
            "acl": null,
            "bucket": "chapter03-website",
            "bucket_key_enabled": false,
            "cache_control": "",
            "content": null,
            "content_base64": null,
            "content_disposition": "",
            "content_encoding": "",
            "content_language": "",
            "content_type": "binary/octet-stream",
            "etag": "9cda082bd7cc5642096b56fa8db15b45",
            "force_destroy": false,
            "id": "assets/packages/font_awesome_flutter/lib/fonts/fa-solid-900.ttf",
            "key": "assets/packages/font_awesome_flutter/lib/fonts/fa-solid-900.ttf",
            "kms_key_id": null,
            "metadata": {},
            "object_lock_legal_hold_status": "",
            "object_lock_mode": "",
            "object_lock_retain_until_date": "",
            "server_side_encryption": "AES256",
            "source": "files/website/assets/packages/font_awesome_flutter/lib/fonts/fa-solid-900.ttf",
            "source_hash": null,
            "storage_class": "STANDARD",
            "tags": {},
            "tags_all": {},
            "version_id": "null",
            "website_redirect": ""
          },
          "sensitive_attributes": [],
          "private": "bnVsbA==",
          "dependencies": [
            "aws_s3_bucket.s3_website_bucket"
          ]
        },
        {
          "index_key": "canvaskit/canvaskit.js",
          "schema_version": 0,
          "attributes": {
            "acl": null,
            "bucket": "chapter03-website",
            "bucket_key_enabled": false,
            "cache_control": "",
            "content": null,
            "content_base64": null,
            "content_disposition": "",
            "content_encoding": "",
            "content_language": "",
            "content_type": "binary/octet-stream",
            "etag": "97937cb4c2c2073c968525a3e08c86a3",
            "force_destroy": false,
            "id": "canvaskit/canvaskit.js",
            "key": "canvaskit/canvaskit.js",
            "kms_key_id": null,
            "metadata": {},
            "object_lock_legal_hold_status": "",
            "object_lock_mode": "",
            "object_lock_retain_until_date": "",
            "server_side_encryption": "AES256",
            "source": "files/website/canvaskit/canvaskit.js",
            "source_hash": null,
            "storage_class": "STANDARD",
            "tags": {},
            "tags_all": {},
            "version_id": "null",
            "website_redirect": ""
          },
          "sensitive_attributes": [],
          "private": "bnVsbA==",
          "dependencies": [
            "aws_s3_bucket.s3_website_bucket"
          ]
        },
        {
          "index_key": "canvaskit/canvaskit.wasm",
          "schema_version": 0,
          "attributes": {
            "acl": null,
            "bucket": "chapter03-website",
            "bucket_key_enabled": false,
            "cache_control": "",
            "content": null,
            "content_base64": null,
            "content_disposition": "",
            "content_encoding": "",
            "content_language": "",
            "content_type": "binary/octet-stream",
            "etag": "677233272945cab089e81ef7161ab6f8-2",
            "force_destroy": false,
            "id": "canvaskit/canvaskit.wasm",
            "key": "canvaskit/canvaskit.wasm",
            "kms_key_id": null,
            "metadata": {},
            "object_lock_legal_hold_status": "",
            "object_lock_mode": "",
            "object_lock_retain_until_date": "",
            "server_side_encryption": "AES256",
            "source": "files/website/canvaskit/canvaskit.wasm",
            "source_hash": null,
            "storage_class": "STANDARD",
            "tags": {},
            "tags_all": {},
            "version_id": "ZoSnftWbmbpUWs2BW7YsbTEueA5cp0s3",
            "website_redirect": ""
          },
          "sensitive_attributes": [],
          "private": "bnVsbA==",
          "dependencies": [
            "aws_s3_bucket.s3_website_bucket"
          ]
        },
        {
          "index_key": "canvaskit/profiling/canvaskit.js",
          "schema_version": 0,
          "attributes": {
            "acl": null,
            "bucket": "chapter03-website",
            "bucket_key_enabled": false,
            "cache_control": "",
            "content": null,
            "content_base64": null,
            "content_disposition": "",
            "content_encoding": "",
            "content_language": "",
            "content_type": "binary/octet-stream",
            "etag": "c21852696bc1cc82e8894d851c01921a",
            "force_destroy": false,
            "id": "canvaskit/profiling/canvaskit.js",
            "key": "canvaskit/profiling/canvaskit.js",
            "kms_key_id": null,
            "metadata": {},
            "object_lock_legal_hold_status": "",
            "object_lock_mode": "",
            "object_lock_retain_until_date": "",
            "server_side_encryption": "AES256",
            "source": "files/website/canvaskit/profiling/canvaskit.js",
            "source_hash": null,
            "storage_class": "STANDARD",
            "tags": {},
            "tags_all": {},
            "version_id": "null",
            "website_redirect": ""
          },
          "sensitive_attributes": [],
          "private": "bnVsbA==",
          "dependencies": [
            "aws_s3_bucket.s3_website_bucket"
          ]
        },
        {
          "index_key": "canvaskit/profiling/canvaskit.wasm",
          "schema_version": 0,
          "attributes": {
            "acl": null,
            "bucket": "chapter03-website",
            "bucket_key_enabled": false,
            "cache_control": "",
            "content": null,
            "content_base64": null,
            "content_disposition": "",
            "content_encoding": "",
            "content_language": "",
            "content_type": "binary/octet-stream",
            "etag": "b9d7eee470733b5d153dbcf3e00979d4-2",
            "force_destroy": false,
            "id": "canvaskit/profiling/canvaskit.wasm",
            "key": "canvaskit/profiling/canvaskit.wasm",
            "kms_key_id": null,
            "metadata": {},
            "object_lock_legal_hold_status": "",
            "object_lock_mode": "",
            "object_lock_retain_until_date": "",
            "server_side_encryption": "AES256",
            "source": "files/website/canvaskit/profiling/canvaskit.wasm",
            "source_hash": null,
            "storage_class": "STANDARD",
            "tags": {},
            "tags_all": {},
            "version_id": "wQPv3wExZia9Y1iRyWoB9t38kwcFmRGM",
            "website_redirect": ""
          },
          "sensitive_attributes": [],
          "private": "bnVsbA==",
          "dependencies": [
            "aws_s3_bucket.s3_website_bucket"
          ]
        },
        {
          "index_key": "favicon.ico",
          "schema_version": 0,
          "attributes": {
            "acl": null,
            "bucket": "chapter03-website",
            "bucket_key_enabled": false,
            "cache_control": "",
            "content": null,
            "content_base64": null,
            "content_disposition": "",
            "content_encoding": "",
            "content_language": "",
            "content_type": "binary/octet-stream",
            "etag": "dc0947f5232d4f7b72e1271cfa22f88a",
            "force_destroy": false,
            "id": "favicon.ico",
            "key": "favicon.ico",
            "kms_key_id": null,
            "metadata": {},
            "object_lock_legal_hold_status": "",
            "object_lock_mode": "",
            "object_lock_retain_until_date": "",
            "server_side_encryption": "AES256",
            "source": "files/website/favicon.ico",
            "source_hash": null,
            "storage_class": "STANDARD",
            "tags": {},
            "tags_all": {},
            "version_id": "null",
            "website_redirect": ""
          },
          "sensitive_attributes": [],
          "private": "bnVsbA==",
          "dependencies": [
            "aws_s3_bucket.s3_website_bucket"
          ]
        },
        {
          "index_key": "flutter.js",
          "schema_version": 0,
          "attributes": {
            "acl": null,
            "bucket": "chapter03-website",
            "bucket_key_enabled": false,
            "cache_control": "",
            "content": null,
            "content_base64": null,
            "content_disposition": "",
            "content_encoding": "",
            "content_language": "",
            "content_type": "binary/octet-stream",
            "etag": "a85fcf6324d3c4d3ae3be1ae4931e9c5",
            "force_destroy": false,
            "id": "flutter.js",
            "key": "flutter.js",
            "kms_key_id": null,
            "metadata": {},
            "object_lock_legal_hold_status": "",
            "object_lock_mode": "",
            "object_lock_retain_until_date": "",
            "server_side_encryption": "AES256",
            "source": "files/website/flutter.js",
            "source_hash": null,
            "storage_class": "STANDARD",
            "tags": {},
            "tags_all": {},
            "version_id": "XbYHZZTJCltytFQ0Ts2e2nFC59g5BlId",
            "website_redirect": ""
          },
          "sensitive_attributes": [],
          "private": "bnVsbA==",
          "dependencies": [
            "aws_s3_bucket.s3_website_bucket"
          ]
        },
        {
          "index_key": "flutter_service_worker.js",
          "schema_version": 0,
          "attributes": {
            "acl": null,
            "bucket": "chapter03-website",
            "bucket_key_enabled": false,
            "cache_control": "",
            "content": null,
            "content_base64": null,
            "content_disposition": "",
            "content_encoding": "",
            "content_language": "",
            "content_type": "binary/octet-stream",
            "etag": "2fa21f40a7c3dfcdbd553cf1103e0bb4",
            "force_destroy": false,
            "id": "flutter_service_worker.js",
            "key": "flutter_service_worker.js",
            "kms_key_id": null,
            "metadata": {},
            "object_lock_legal_hold_status": "",
            "object_lock_mode": "",
            "object_lock_retain_until_date": "",
            "server_side_encryption": "AES256",
            "source": "files/website/flutter_service_worker.js",
            "source_hash": null,
            "storage_class": "STANDARD",
            "tags": {},
            "tags_all": {},
            "version_id": "null",
            "website_redirect": ""
          },
          "sensitive_attributes": [],
          "private": "bnVsbA==",
          "dependencies": [
            "aws_s3_bucket.s3_website_bucket"
          ]
        },
        {
          "index_key": "icons/Icon-192.png",
          "schema_version": 0,
          "attributes": {
            "acl": null,
            "bucket": "chapter03-website",
            "bucket_key_enabled": false,
            "cache_control": "",
            "content": null,
            "content_base64": null,
            "content_disposition": "",
            "content_encoding": "",
            "content_language": "",
            "content_type": "binary/octet-stream",
            "etag": "012b7c15a60924f14be9c1358b018948",
            "force_destroy": false,
            "id": "icons/Icon-192.png",
            "key": "icons/Icon-192.png",
            "kms_key_id": null,
            "metadata": {},
            "object_lock_legal_hold_status": "",
            "object_lock_mode": "",
            "object_lock_retain_until_date": "",
            "server_side_encryption": "AES256",
            "source": "files/website/icons/Icon-192.png",
            "source_hash": null,
            "storage_class": "STANDARD",
            "tags": {},
            "tags_all": {},
            "version_id": "null",
            "website_redirect": ""
          },
          "sensitive_attributes": [],
          "private": "bnVsbA==",
          "dependencies": [
            "aws_s3_bucket.s3_website_bucket"
          ]
        },
        {
          "index_key": "icons/Icon-512.png",
          "schema_version": 0,
          "attributes": {
            "acl": null,
            "bucket": "chapter03-website",
            "bucket_key_enabled": false,
            "cache_control": "",
            "content": null,
            "content_base64": null,
            "content_disposition": "",
            "content_encoding": "",
            "content_language": "",
            "content_type": "binary/octet-stream",
            "etag": "c40bf849cd14d4e92ed2a50e34ee4632",
            "force_destroy": false,
            "id": "icons/Icon-512.png",
            "key": "icons/Icon-512.png",
            "kms_key_id": null,
            "metadata": {},
            "object_lock_legal_hold_status": "",
            "object_lock_mode": "",
            "object_lock_retain_until_date": "",
            "server_side_encryption": "AES256",
            "source": "files/website/icons/Icon-512.png",
            "source_hash": null,
            "storage_class": "STANDARD",
            "tags": {},
            "tags_all": {},
            "version_id": "null",
            "website_redirect": ""
          },
          "sensitive_attributes": [],
          "private": "bnVsbA==",
          "dependencies": [
            "aws_s3_bucket.s3_website_bucket"
          ]
        },
        {
          "index_key": "icons/Icon-maskable-192.png",
          "schema_version": 0,
          "attributes": {
            "acl": null,
            "bucket": "chapter03-website",
            "bucket_key_enabled": false,
            "cache_control": "",
            "content": null,
            "content_base64": null,
            "content_disposition": "",
            "content_encoding": "",
            "content_language": "",
            "content_type": "binary/octet-stream",
            "etag": "012b7c15a60924f14be9c1358b018948",
            "force_destroy": false,
            "id": "icons/Icon-maskable-192.png",
            "key": "icons/Icon-maskable-192.png",
            "kms_key_id": null,
            "metadata": {},
            "object_lock_legal_hold_status": "",
            "object_lock_mode": "",
            "object_lock_retain_until_date": "",
            "server_side_encryption": "AES256",
            "source": "files/website/icons/Icon-maskable-192.png",
            "source_hash": null,
            "storage_class": "STANDARD",
            "tags": {},
            "tags_all": {},
            "version_id": "null",
            "website_redirect": ""
          },
          "sensitive_attributes": [],
          "private": "bnVsbA==",
          "dependencies": [
            "aws_s3_bucket.s3_website_bucket"
          ]
        },
        {
          "index_key": "icons/Icon-maskable-512.png",
          "schema_version": 0,
          "attributes": {
            "acl": null,
            "bucket": "chapter03-website",
            "bucket_key_enabled": false,
            "cache_control": "",
            "content": null,
            "content_base64": null,
            "content_disposition": "",
            "content_encoding": "",
            "content_language": "",
            "content_type": "binary/octet-stream",
            "etag": "c40bf849cd14d4e92ed2a50e34ee4632",
            "force_destroy": false,
            "id": "icons/Icon-maskable-512.png",
            "key": "icons/Icon-maskable-512.png",
            "kms_key_id": null,
            "metadata": {},
            "object_lock_legal_hold_status": "",
            "object_lock_mode": "",
            "object_lock_retain_until_date": "",
            "server_side_encryption": "AES256",
            "source": "files/website/icons/Icon-maskable-512.png",
            "source_hash": null,
            "storage_class": "STANDARD",
            "tags": {},
            "tags_all": {},
            "version_id": "null",
            "website_redirect": ""
          },
          "sensitive_attributes": [],
          "private": "bnVsbA==",
          "dependencies": [
            "aws_s3_bucket.s3_website_bucket"
          ]
        },
        {
          "index_key": "index.html",
          "schema_version": 0,
          "attributes": {
            "acl": null,
            "bucket": "chapter03-website",
            "bucket_key_enabled": false,
            "cache_control": "",
            "content": null,
            "content_base64": null,
            "content_disposition": "",
            "content_encoding": "",
            "content_language": "",
            "content_type": "binary/octet-stream",
            "etag": "5df480dc2db09152eaeffeab15babfb3",
            "force_destroy": false,
            "id": "index.html",
            "key": "index.html",
            "kms_key_id": null,
            "metadata": {},
            "object_lock_legal_hold_status": "",
            "object_lock_mode": "",
            "object_lock_retain_until_date": "",
            "server_side_encryption": "AES256",
            "source": "files/website/index.html",
            "source_hash": null,
            "storage_class": "STANDARD",
            "tags": {},
            "tags_all": {},
            "version_id": "null",
            "website_redirect": ""
          },
          "sensitive_attributes": [],
          "private": "bnVsbA==",
          "dependencies": [
            "aws_s3_bucket.s3_website_bucket"
          ]
        },
        {
          "index_key": "main.dart.js",
          "schema_version": 0,
          "attributes": {
            "acl": null,
            "bucket": "chapter03-website",
            "bucket_key_enabled": false,
            "cache_control": "",
            "content": null,
            "content_base64": null,
            "content_disposition": "",
            "content_encoding": "",
            "content_language": "",
            "content_type": "binary/octet-stream",
            "etag": "ededa55e00deef022a638b8d5df1e861",
            "force_destroy": false,
            "id": "main.dart.js",
            "key": "main.dart.js",
            "kms_key_id": null,
            "metadata": {},
            "object_lock_legal_hold_status": "",
            "object_lock_mode": "",
            "object_lock_retain_until_date": "",
            "server_side_encryption": "AES256",
            "source": "files/website/main.dart.js",
            "source_hash": null,
            "storage_class": "STANDARD",
            "tags": {},
            "tags_all": {},
            "version_id": "null",
            "website_redirect": ""
          },
          "sensitive_attributes": [],
          "private": "bnVsbA==",
          "dependencies": [
            "aws_s3_bucket.s3_website_bucket"
          ]
        },
        {
          "index_key": "manifest.json",
          "schema_version": 0,
          "attributes": {
            "acl": null,
            "bucket": "chapter03-website",
            "bucket_key_enabled": false,
            "cache_control": "",
            "content": null,
            "content_base64": null,
            "content_disposition": "",
            "content_encoding": "",
            "content_language": "",
            "content_type": "binary/octet-stream",
            "etag": "63560c7f68fa8d7e88fae3f604e04c52",
            "force_destroy": false,
            "id": "manifest.json",
            "key": "manifest.json",
            "kms_key_id": null,
            "metadata": {},
            "object_lock_legal_hold_status": "",
            "object_lock_mode": "",
            "object_lock_retain_until_date": "",
            "server_side_encryption": "AES256",
            "source": "files/website/manifest.json",
            "source_hash": null,
            "storage_class": "STANDARD",
            "tags": {},
            "tags_all": {},
            "version_id": "null",
            "website_redirect": ""
          },
          "sensitive_attributes": [],
          "private": "bnVsbA==",
          "dependencies": [
            "aws_s3_bucket.s3_website_bucket"
          ]
        },
        {
          "index_key": "version.json",
          "schema_version": 0,
          "attributes": {
            "acl": null,
            "bucket": "chapter03-website",
            "bucket_key_enabled": false,
            "cache_control": "",
            "content": null,
            "content_base64": null,
            "content_disposition": "",
            "content_encoding": "",
            "content_language": "",
            "content_type": "binary/octet-stream",
            "etag": "8b12d6bf9efc9d800a7ab24120cebfeb",
            "force_destroy": false,
            "id": "version.json",
            "key": "version.json",
            "kms_key_id": null,
            "metadata": {},
            "object_lock_legal_hold_status": "",
            "object_lock_mode": "",
            "object_lock_retain_until_date": "",
            "server_side_encryption": "AES256",
            "source": "files/website/version.json",
            "source_hash": null,
            "storage_class": "STANDARD",
            "tags": {},
            "tags_all": {},
            "version_id": "null",
            "website_redirect": ""
          },
          "sensitive_attributes": [],
          "private": "bnVsbA==",
          "dependencies": [
            "aws_s3_bucket.s3_website_bucket"
          ]
        }
      ]
    },
    {
      "mode": "managed",
      "type": "null_resource",
      "name": "presign_audio",
      "provider": "provider[\"registry.terraform.io/hashicorp/null\"]",
      "instances": [
        {
          "schema_version": 0,
          "attributes": {
            "id": "5327627602009455811",
            "triggers": null
          },
          "sensitive_attributes": [],
          "dependencies": [
            "aws_s3_bucket.s3_presigned_bucket",
            "aws_s3_object.s3_presigned_object_audio",
            "aws_s3_object.s3_presigned_object_image"
          ]
        }
      ]
    },
    {
      "mode": "managed",
      "type": "null_resource",
      "name": "presign_image",
      "provider": "provider[\"registry.terraform.io/hashicorp/null\"]",
      "instances": [
        {
          "schema_version": 0,
          "attributes": {
            "id": "568178673547957189",
            "triggers": null
          },
          "sensitive_attributes": [],
          "dependencies": [
            "aws_s3_bucket.s3_presigned_bucket",
            "aws_s3_object.s3_presigned_object_image"
          ]
        }
      ]
    },
    {
      "mode": "managed",
      "type": "null_resource",
      "name": "presign_text",
      "provider": "provider[\"registry.terraform.io/hashicorp/null\"]",
      "instances": [
        {
          "schema_version": 0,
          "attributes": {
            "id": "2426692743925247479",
            "triggers": null
          },
          "sensitive_attributes": [],
          "dependencies": [
            "aws_s3_bucket.s3_presigned_bucket",
            "aws_s3_object.s3_presigned_object_image",
            "aws_s3_object.s3_presigned_object_text"
          ]
        }
      ]
    }
  ],
  "check_results": null
}
