{
  "version": 4,
  "terraform_version": "1.4.6",
  "serial": 136,
  "lineage": "8d59154c-6cbd-6033-44cb-41cf5b1810d8",
  "outputs": {
    "audio_url": {
      "value": "https://chapter03-presigned-objects.s3.eu-west-1.amazonaws.com/audio_message.mp3?X-Amz-Algorithm=AWS4-HMAC-SHA256\u0026X-Amz-Credential=AKIA3LZTHQIC22AGPI5G%2F20230714%2Feu-west-1%2Fs3%2Faws4_request\u0026X-Amz-Date=20230714T220522Z\u0026X-Amz-Expires=3600\u0026X-Amz-SignedHeaders=host\u0026X-Amz-Signature=07e88346d6c308343a4c540f6c7265f84d2d6b9ad6277af3961dbced30515d61\r\n",
      "type": "string"
    },
    "image_url": {
      "value": "https://chapter03-presigned-objects.s3.eu-west-1.amazonaws.com/movie_devourer.png?X-Amz-Algorithm=AWS4-HMAC-SHA256\u0026X-Amz-Credential=AKIA3LZTHQIC22AGPI5G%2F20230714%2Feu-west-1%2Fs3%2Faws4_request\u0026X-Amz-Date=20230714T220522Z\u0026X-Amz-Expires=3600\u0026X-Amz-SignedHeaders=host\u0026X-Amz-Signature=ed7cc4e6527f28e796061a4762a1265ad564d1326322fd7f5c4c841a8792a0f1\r\n",
      "type": "string"
    },
    "text_url": {
      "value": "https://chapter03-presigned-objects.s3.eu-west-1.amazonaws.com/message.txt?X-Amz-Algorithm=AWS4-HMAC-SHA256\u0026X-Amz-Credential=AKIA3LZTHQIC22AGPI5G%2F20230714%2Feu-west-1%2Fs3%2Faws4_request\u0026X-Amz-Date=20230714T220522Z\u0026X-Amz-Expires=3600\u0026X-Amz-SignedHeaders=host\u0026X-Amz-Signature=cdd0e668960cc5671131a01620b88c8bffdd499ccd29c15109b6c02c545db07b\r\n",
      "type": "string"
    },
    "website_url": {
      "value": "chapter03-website.s3-website-eu-west-1.amazonaws.com",
      "type": "string"
    }
  },
  "resources": [
    {
      "mode": "data",
      "type": "local_file",
      "name": "audio_url",
      "provider": "provider[\"registry.terraform.io/hashicorp/local\"]",
      "instances": [
        {
          "schema_version": 0,
          "attributes": {
            "content": "https://chapter03-presigned-objects.s3.eu-west-1.amazonaws.com/audio_message.mp3?X-Amz-Algorithm=AWS4-HMAC-SHA256\u0026X-Amz-Credential=AKIA3LZTHQIC22AGPI5G%2F20230714%2Feu-west-1%2Fs3%2Faws4_request\u0026X-Amz-Date=20230714T220522Z\u0026X-Amz-Expires=3600\u0026X-Amz-SignedHeaders=host\u0026X-Amz-Signature=07e88346d6c308343a4c540f6c7265f84d2d6b9ad6277af3961dbced30515d61\r\n",
            "content_base64": "aHR0cHM6Ly9jaGFwdGVyMDMtcHJlc2lnbmVkLW9iamVjdHMuczMuZXUtd2VzdC0xLmFtYXpvbmF3cy5jb20vYXVkaW9fbWVzc2FnZS5tcDM/WC1BbXotQWxnb3JpdGhtPUFXUzQtSE1BQy1TSEEyNTYmWC1BbXotQ3JlZGVudGlhbD1BS0lBM0xaVEhRSUMyMkFHUEk1RyUyRjIwMjMwNzE0JTJGZXUtd2VzdC0xJTJGczMlMkZhd3M0X3JlcXVlc3QmWC1BbXotRGF0ZT0yMDIzMDcxNFQyMjA1MjJaJlgtQW16LUV4cGlyZXM9MzYwMCZYLUFtei1TaWduZWRIZWFkZXJzPWhvc3QmWC1BbXotU2lnbmF0dXJlPTA3ZTg4MzQ2ZDZjMzA4MzQzYTRjNTQwZjZjNzI2NWY4NGQyZDZiOWFkNjI3N2FmMzk2MWRiY2VkMzA1MTVkNjENCg==",
            "content_base64sha256": "qwW12C/Y7CAiEsyqh06/syRsokartBaM51KFI6tnb+4=",
            "content_base64sha512": "MashQ+a/ngRwe1eLRcR9YQ26xMtKpQmrB2zb58ACzoCy35qrwHZ8ylCvG+KH7LGFMZ3X5I9pZPLKoH7DNxiu/Q==",
            "content_md5": "f9857fbd246741b758696e9bcdc97c16",
            "content_sha1": "fae4df970573508e24efe59111c24a842e9c0d54",
            "content_sha256": "ab05b5d82fd8ec202212ccaa874ebfb3246ca246abb4168ce7528523ab676fee",
            "content_sha512": "31ab2143e6bf9e04707b578b45c47d610dbac4cb4aa509ab076cdbe7c002ce80b2df9aabc0767cca50af1be287ecb185319dd7e48f6964f2caa07ec33718aefd",
            "filename": "./audio.url",
            "id": "fae4df970573508e24efe59111c24a842e9c0d54"
          },
          "sensitive_attributes": []
        }
      ]
    },
    {
      "mode": "data",
      "type": "local_file",
      "name": "image_url",
      "provider": "provider[\"registry.terraform.io/hashicorp/local\"]",
      "instances": [
        {
          "schema_version": 0,
          "attributes": {
            "content": "https://chapter03-presigned-objects.s3.eu-west-1.amazonaws.com/movie_devourer.png?X-Amz-Algorithm=AWS4-HMAC-SHA256\u0026X-Amz-Credential=AKIA3LZTHQIC22AGPI5G%2F20230714%2Feu-west-1%2Fs3%2Faws4_request\u0026X-Amz-Date=20230714T220522Z\u0026X-Amz-Expires=3600\u0026X-Amz-SignedHeaders=host\u0026X-Amz-Signature=ed7cc4e6527f28e796061a4762a1265ad564d1326322fd7f5c4c841a8792a0f1\r\n",
            "content_base64": "aHR0cHM6Ly9jaGFwdGVyMDMtcHJlc2lnbmVkLW9iamVjdHMuczMuZXUtd2VzdC0xLmFtYXpvbmF3cy5jb20vbW92aWVfZGV2b3VyZXIucG5nP1gtQW16LUFsZ29yaXRobT1BV1M0LUhNQUMtU0hBMjU2JlgtQW16LUNyZWRlbnRpYWw9QUtJQTNMWlRIUUlDMjJBR1BJNUclMkYyMDIzMDcxNCUyRmV1LXdlc3QtMSUyRnMzJTJGYXdzNF9yZXF1ZXN0JlgtQW16LURhdGU9MjAyMzA3MTRUMjIwNTIyWiZYLUFtei1FeHBpcmVzPTM2MDAmWC1BbXotU2lnbmVkSGVhZGVycz1ob3N0JlgtQW16LVNpZ25hdHVyZT1lZDdjYzRlNjUyN2YyOGU3OTYwNjFhNDc2MmExMjY1YWQ1NjRkMTMyNjMyMmZkN2Y1YzRjODQxYTg3OTJhMGYxDQo=",
            "content_base64sha256": "F4DLuqznCYH/kaXLyIac3Ihws4FVi3e5zgrTOMi4dLk=",
            "content_base64sha512": "ApTLZ3oTw0K1gG/h79NUVeE68mPZDm/DgsdVQIpYe9CpbdW8Zycb9ACWklIlPZTov0W2mNFF3FP5+hmJMe5NUQ==",
            "content_md5": "a43765fde61a2ec80684aa9e8578f47c",
            "content_sha1": "5022e1aeb709285d73cddbb4550da06d80298399",
            "content_sha256": "1780cbbaace70981ff91a5cbc8869cdc8870b381558b77b9ce0ad338c8b874b9",
            "content_sha512": "0294cb677a13c342b5806fe1efd35455e13af263d90e6fc382c755408a587bd0a96dd5bc67271bf400969252253d94e8bf45b698d145dc53f9fa198931ee4d51",
            "filename": "./image.url",
            "id": "5022e1aeb709285d73cddbb4550da06d80298399"
          },
          "sensitive_attributes": []
        }
      ]
    },
    {
      "mode": "data",
      "type": "local_file",
      "name": "text_url",
      "provider": "provider[\"registry.terraform.io/hashicorp/local\"]",
      "instances": [
        {
          "schema_version": 0,
          "attributes": {
            "content": "https://chapter03-presigned-objects.s3.eu-west-1.amazonaws.com/message.txt?X-Amz-Algorithm=AWS4-HMAC-SHA256\u0026X-Amz-Credential=AKIA3LZTHQIC22AGPI5G%2F20230714%2Feu-west-1%2Fs3%2Faws4_request\u0026X-Amz-Date=20230714T220522Z\u0026X-Amz-Expires=3600\u0026X-Amz-SignedHeaders=host\u0026X-Amz-Signature=cdd0e668960cc5671131a01620b88c8bffdd499ccd29c15109b6c02c545db07b\r\n",
            "content_base64": "aHR0cHM6Ly9jaGFwdGVyMDMtcHJlc2lnbmVkLW9iamVjdHMuczMuZXUtd2VzdC0xLmFtYXpvbmF3cy5jb20vbWVzc2FnZS50eHQ/WC1BbXotQWxnb3JpdGhtPUFXUzQtSE1BQy1TSEEyNTYmWC1BbXotQ3JlZGVudGlhbD1BS0lBM0xaVEhRSUMyMkFHUEk1RyUyRjIwMjMwNzE0JTJGZXUtd2VzdC0xJTJGczMlMkZhd3M0X3JlcXVlc3QmWC1BbXotRGF0ZT0yMDIzMDcxNFQyMjA1MjJaJlgtQW16LUV4cGlyZXM9MzYwMCZYLUFtei1TaWduZWRIZWFkZXJzPWhvc3QmWC1BbXotU2lnbmF0dXJlPWNkZDBlNjY4OTYwY2M1NjcxMTMxYTAxNjIwYjg4YzhiZmZkZDQ5OWNjZDI5YzE1MTA5YjZjMDJjNTQ1ZGIwN2INCg==",
            "content_base64sha256": "lmkTUZsrkumkGmREijOsNurlTjDXpVHkFp8jcy4fd5E=",
            "content_base64sha512": "Wav4Lnc9RTL5jQJzUUH/1D79cuY6Goh4VU3Mhl+9U11jhZu7OnBk03dQJQfLxMQcYrfkbdMbYFQGU556/NwpZQ==",
            "content_md5": "0e73b1fe4079b32228ed3e7aed2bba4a",
            "content_sha1": "f270a11c5cf43b9ad4dec34c2b98e4e23f67c853",
            "content_sha256": "966913519b2b92e9a41a64448a33ac36eae54e30d7a551e4169f23732e1f7791",
            "content_sha512": "59abf82e773d4532f98d02735141ffd43efd72e63a1a8878554dcc865fbd535d63859bbb3a7064d377502507cbc4c41c62b7e46dd31b605406539e7afcdc2965",
            "filename": "./text.url",
            "id": "f270a11c5cf43b9ad4dec34c2b98e4e23f67c853"
          },
          "sensitive_attributes": []
        }
      ]
    },
    {
      "mode": "managed",
      "type": "aws_s3_bucket",
      "name": "s3_presigned_bucket",
      "provider": "provider[\"registry.terraform.io/hashicorp/aws\"]",
      "instances": [
        {
          "schema_version": 0,
          "attributes": {
            "acceleration_status": "",
            "acl": null,
            "arn": "arn:aws:s3:::chapter03-presigned-objects",
            "bucket": "chapter03-presigned-objects",
            "bucket_domain_name": "chapter03-presigned-objects.s3.amazonaws.com",
            "bucket_prefix": "",
            "bucket_regional_domain_name": "chapter03-presigned-objects.s3.eu-west-1.amazonaws.com",
            "cors_rule": [],
            "force_destroy": false,
            "grant": [
              {
                "id": "3a8d8c2cb8f6a31ebc6584f7e1af5dbf92c392c02c0794add36e3690f9958109",
                "permissions": [
                  "FULL_CONTROL"
                ],
                "type": "CanonicalUser",
                "uri": ""
              }
            ],
            "hosted_zone_id": "Z1BKCTXD74EZPE",
            "id": "chapter03-presigned-objects",
            "lifecycle_rule": [],
            "logging": [],
            "object_lock_configuration": [],
            "object_lock_enabled": false,
            "policy": "",
            "region": "eu-west-1",
            "replication_configuration": [],
            "request_payer": "BucketOwner",
            "server_side_encryption_configuration": [
              {
                "rule": [
                  {
                    "apply_server_side_encryption_by_default": [
                      {
                        "kms_master_key_id": "",
                        "sse_algorithm": "AES256"
                      }
                    ],
                    "bucket_key_enabled": false
                  }
                ]
              }
            ],
            "tags": {
              "Name": "chapter03-presigned-objects",
              "workspace": "chapter03"
            },
            "tags_all": {
              "Name": "chapter03-presigned-objects",
              "workspace": "chapter03"
            },
            "timeouts": null,
            "versioning": [
              {
                "enabled": true,
                "mfa_delete": false
              }
            ],
            "website": [],
            "website_domain": null,
            "website_endpoint": null
          },
          "sensitive_attributes": [],
          "private": "eyJlMmJmYjczMC1lY2FhLTExZTYtOGY4OC0zNDM2M2JjN2M0YzAiOnsiY3JlYXRlIjoxMjAwMDAwMDAwMDAwLCJkZWxldGUiOjM2MDAwMDAwMDAwMDAsInJlYWQiOjEyMDAwMDAwMDAwMDAsInVwZGF0ZSI6MTIwMDAwMDAwMDAwMH19"
        }
      ]
    },
    {
      "mode": "managed",
      "type": "aws_s3_bucket",
      "name": "s3_website_bucket",
      "provider": "provider[\"registry.terraform.io/hashicorp/aws\"]",
      "instances": [
        {
          "schema_version": 0,
          "attributes": {
            "acceleration_status": "",
            "acl": null,
            "arn": "arn:aws:s3:::chapter03-website",
            "bucket": "chapter03-website",
            "bucket_domain_name": "chapter03-website.s3.amazonaws.com",
            "bucket_prefix": "",
            "bucket_regional_domain_name": "chapter03-website.s3.eu-west-1.amazonaws.com",
            "cors_rule": [],
            "force_destroy": false,
            "grant": [
              {
                "id": "3a8d8c2cb8f6a31ebc6584f7e1af5dbf92c392c02c0794add36e3690f9958109",
                "permissions": [
                  "FULL_CONTROL"
                ],
                "type": "CanonicalUser",
                "uri": ""
              }
            ],
            "hosted_zone_id": "Z1BKCTXD74EZPE",
            "id": "chapter03-website",
            "lifecycle_rule": [],
            "logging": [],
            "object_lock_configuration": [],
            "object_lock_enabled": false,
            "policy": "{\"Statement\":[{\"Action\":\"s3:GetObject\",\"Effect\":\"Allow\",\"Principal\":\"*\",\"Resource\":\"arn:aws:s3:::chapter03-website/*\",\"Sid\":\"WebSitePolicy\"}],\"Version\":\"2012-10-17\"}",
            "region": "eu-west-1",
            "replication_configuration": [],
            "request_payer": "BucketOwner",
            "server_side_encryption_configuration": [
              {
                "rule": [
                  {
                    "apply_server_side_encryption_by_default": [
                      {
                        "kms_master_key_id": "",
                        "sse_algorithm": "AES256"
                      }
                    ],
                    "bucket_key_enabled": false
                  }
                ]
              }
            ],
            "tags": {
              "Name": "chapter03-website",
              "workspace": "chapter03"
            },
            "tags_all": {
              "Name": "chapter03-website",
              "workspace": "chapter03"
            },
            "timeouts": null,
            "versioning": [
              {
                "enabled": true,
                "mfa_delete": false
              }
            ],
            "website": [
              {
                "error_document": "",
                "index_document": "index.html",
                "redirect_all_requests_to": "",
                "routing_rules": ""
              }
            ],
            "website_domain": "s3-website-eu-west-1.amazonaws.com",
            "website_endpoint": "chapter03-website.s3-website-eu-west-1.amazonaws.com"
          },
          "sensitive_attributes": [],
          "private": "eyJlMmJmYjczMC1lY2FhLTExZTYtOGY4OC0zNDM2M2JjN2M0YzAiOnsiY3JlYXRlIjoxMjAwMDAwMDAwMDAwLCJkZWxldGUiOjM2MDAwMDAwMDAwMDAsInJlYWQiOjEyMDAwMDAwMDAwMDAsInVwZGF0ZSI6MTIwMDAwMDAwMDAwMH19"
        }
      ]
    },
    {
      "mode": "managed",
      "type": "aws_s3_bucket_policy",
      "name": "s3_website_bucket_policy",
      "provider": "provider[\"registry.terraform.io/hashicorp/aws\"]",
      "instances": [
        {
          "schema_version": 0,
          "attributes": {
            "bucket": "chapter03-website",
            "id": "chapter03-website",
            "policy": "{\"Statement\":[{\"Action\":\"s3:GetObject\",\"Effect\":\"Allow\",\"Principal\":\"*\",\"Resource\":\"arn:aws:s3:::chapter03-website/*\",\"Sid\":\"WebSitePolicy\"}],\"Version\":\"2012-10-17\"}"
          },
          "sensitive_attributes": [],
          "private": "bnVsbA==",
          "dependencies": [
            "aws_s3_bucket.s3_website_bucket"
          ]
        }
      ]
    },
    {
      "mode": "managed",
      "type": "aws_s3_bucket_public_access_block",
      "name": "s3_presigned_bucket_public_access",
      "provider": "provider[\"registry.terraform.io/hashicorp/aws\"]",
      "instances": [
        {
          "schema_version": 0,
          "attributes": {
            "block_public_acls": true,
            "block_public_policy": true,
            "bucket": "chapter03-presigned-objects",
            "id": "chapter03-presigned-objects",
            "ignore_public_acls": true,
            "restrict_public_buckets": true
          },
          "sensitive_attributes": [],
          "private": "bnVsbA==",
          "dependencies": [
            "aws_s3_bucket.s3_presigned_bucket"
          ]
        }
      ]
    },
    {
      "mode": "managed",
      "type": "aws_s3_bucket_public_access_block",
      "name": "s3_website_bucket_public_access",
      "provider": "provider[\"registry.terraform.io/hashicorp/aws\"]",
      "instances": [
        {
          "schema_version": 0,
          "attributes": {
            "block_public_acls": false,
            "block_public_policy": false,
            "bucket": "chapter03-website",
            "id": "chapter03-website",
            "ignore_public_acls": false,
            "restrict_public_buckets": false
          },
          "sensitive_attributes": [],
          "private": "bnVsbA==",
          "dependencies": [
            "aws_s3_bucket.s3_website_bucket"
          ]
        }
      ]
    },
    {
      "mode": "managed",
      "type": "aws_s3_bucket_versioning",
      "name": "s3_presigned_bucket_versioning",
      "provider": "provider[\"registry.terraform.io/hashicorp/aws\"]",
      "instances": [
        {
          "schema_version": 0,
          "attributes": {
            "bucket": "chapter03-presigned-objects",
            "expected_bucket_owner": "",
            "id": "chapter03-presigned-objects",
            "mfa": null,
            "versioning_configuration": [
              {
                "mfa_delete": "",
                "status": "Enabled"
              }
            ]
          },
          "sensitive_attributes": [],
          "private": "bnVsbA==",
          "dependencies": [
            "aws_s3_bucket.s3_presigned_bucket"
          ]
        }
      ]
    },
    {
      "mode": "managed",
      "type": "aws_s3_bucket_versioning",
      "name": "s3_website_bucket_versioning",
      "provider": "provider[\"registry.terraform.io/hashicorp/aws\"]",
      "instances": [
        {
          "schema_version": 0,
          "attributes": {
            "bucket": "chapter03-website",
            "expected_bucket_owner": "",
            "id": "chapter03-website",
            "mfa": null,
            "versioning_configuration": [
              {
                "mfa_delete": "",
                "status": "Enabled"
              }
            ]
          },
          "sensitive_attributes": [],
          "private": "bnVsbA==",
          "dependencies": [
            "aws_s3_bucket.s3_website_bucket"
          ]
        }
      ]
    },
    {
      "mode": "managed",
      "type": "aws_s3_bucket_website_configuration",
      "name": "s3_website_bucket_configuration",
      "provider": "provider[\"registry.terraform.io/hashicorp/aws\"]",
      "instances": [
        {
          "schema_version": 0,
          "attributes": {
            "bucket": "chapter03-website",
            "error_document": [],
            "expected_bucket_owner": "",
            "id": "chapter03-website",
            "index_document": [
              {
                "suffix": "index.html"
              }
            ],
            "redirect_all_requests_to": [],
            "routing_rule": [],
            "routing_rules": "",
            "website_domain": "s3-website-eu-west-1.amazonaws.com",
            "website_endpoint": "chapter03-website.s3-website-eu-west-1.amazonaws.com"
          },
          "sensitive_attributes": [],
          "private": "bnVsbA==",
          "dependencies": [
            "aws_s3_bucket.s3_website_bucket"
          ]
        }
      ]
    },
    {
      "mode": "managed",
      "type": "aws_s3_object",
      "name": "dist",
      "provider": "provider[\"registry.terraform.io/hashicorp/aws\"]",
      "instances": [
        {
          "index_key": ".last_build_id",
          "schema_version": 0,
          "attributes": {
            "acl": null,
            "bucket": "chapter03-website",
            "bucket_key_enabled": false,
            "cache_control": "",
            "content": null,
            "content_base64": null,
            "content_disposition": "",
            "content_encoding": "",
            "content_language": "",
            "content_type": "binary/octet-stream",
            "etag": "5d21f181b8076c9653e8a8b5b4e3198c",
            "force_destroy": false,
            "id": ".last_build_id",
            "key": ".last_build_id",
            "kms_key_id": null,
            "metadata": {},
            "object_lock_legal_hold_status": "",
            "object_lock_mode": "",
            "object_lock_retain_until_date": "",
            "server_side_encryption": "AES256",
            "source": "files/website/.last_build_id",
            "source_hash": null,
            "storage_class": "STANDARD",
            "tags": {},
            "tags_all": {},
            "version_id": "null",
            "website_redirect": ""
          },
          "sensitive_attributes": [],
          "private": "bnVsbA==",
          "dependencies": [
            "aws_s3_bucket.s3_website_bucket"
          ]
        },
        {
          "index_key": "assets/AssetManifest.json",
          "schema_version": 0,
          "attributes": {
            "acl": null,
            "bucket": "chapter03-website",
            "bucket_key_enabled": false,
            "cache_control": "",
            "content": null,
            "content_base64": null,
            "content_disposition": "",
            "content_encoding": "",
            "content_language": "",
            "content_type": "binary/octet-stream",
            "etag": "801125fca546f506babac9af4ec061ba",
            "force_destroy": false,
            "id": "assets/AssetManifest.json",
            "key": "assets/AssetManifest.json",
            "kms_key_id": null,
            "metadata": {},
            "object_lock_legal_hold_status": "",
            "object_lock_mode": "",
            "object_lock_retain_until_date": "",
            "server_side_encryption": "AES256",
            "source": "files/website/assets/AssetManifest.json",
            "source_hash": null,
            "storage_class": "STANDARD",
            "tags": {},
            "tags_all": {},
            "version_id": "null",
            "website_redirect": ""
          },
          "sensitive_attributes": [],
          "private": "bnVsbA==",
          "dependencies": [
            "aws_s3_bucket.s3_website_bucket"
          ]
        },
        {
          "index_key": "assets/FontManifest.json",
          "schema_version": 0,
          "attributes": {
            "acl": null,
            "bucket": "chapter03-website",
            "bucket_key_enabled": false,
            "cache_control": "",
            "content": null,
            "content_base64": null,
            "content_disposition": "",
            "content_encoding": "",
            "content_language": "",
            "content_type": "binary/octet-stream",
            "etag": "5a32d4310a6f5d9a6b651e75ba0d7372",
            "force_destroy": false,
            "id": "assets/FontManifest.json",
            "key": "assets/FontManifest.json",
            "kms_key_id": null,
            "metadata": {},
            "object_lock_legal_hold_status": "",
            "object_lock_mode": "",
            "object_lock_retain_until_date": "",
            "server_side_encryption": "AES256",
            "source": "files/website/assets/FontManifest.json",
            "source_hash": null,
            "storage_class": "STANDARD",
            "tags": {},
            "tags_all": {},
            "version_id": "null",
            "website_redirect": ""
          },
          "sensitive_attributes": [],
          "private": "bnVsbA==",
          "dependencies": [
            "aws_s3_bucket.s3_website_bucket"
          ]
        },
        {
          "index_key": "assets/fonts/MaterialIcons-Regular.otf",
          "schema_version": 0,
          "attributes": {
            "acl": null,
            "bucket": "chapter03-website",
            "bucket_key_enabled": false,
            "cache_control": "",
            "content": null,
            "content_base64": null,
            "content_disposition": "",
            "content_encoding": "",
            "content_language": "",
            "content_type": "binary/octet-stream",
            "etag": "e7069dfd19b331be16bed984668fe080",
            "force_destroy": false,
            "id": "assets/fonts/MaterialIcons-Regular.otf",
            "key": "assets/fonts/MaterialIcons-Regular.otf",
            "kms_key_id": null,
            "metadata": {},
            "object_lock_legal_hold_status": "",
            "object_lock_mode": "",
            "object_lock_retain_until_date": "",
            "server_side_encryption": "AES256",
            "source": "files/website/assets/fonts/MaterialIcons-Regular.otf",
            "source_hash": null,
            "storage_class": "STANDARD",
            "tags": {},
            "tags_all": {},
            "version_id": "null",
            "website_redirect": ""
          },
          "sensitive_attributes": [],
          "private": "bnVsbA==",
          "dependencies": [
            "aws_s3_bucket.s3_website_bucket"
          ]
        },
        {
          "index_key": "assets/packages/cupertino_icons/assets/CupertinoIcons.ttf",
          "schema_version": 0,
          "attributes": {
            "acl": null,
            "bucket": "chapter03-website",
            "bucket_key_enabled": false,
            "cache_control": "",
            "content": null,
            "content_base64": null,
            "content_disposition": "",
            "content_encoding": "",
            "content_language": "",
            "content_type": "binary/octet-stream",
            "etag": "6d342eb68f170c97609e9da345464e5e",
            "force_destroy": false,
            "id": "assets/packages/cupertino_icons/assets/CupertinoIcons.ttf",
            "key": "assets/packages/cupertino_icons/assets/CupertinoIcons.ttf",
            "kms_key_id": null,
            "metadata": {},
            "object_lock_legal_hold_status": "",
            "object_lock_mode": "",
            "object_lock_retain_until_date": "",
            "server_side_encryption": "AES256",
            "source": "files/website/assets/packages/cupertino_icons/assets/CupertinoIcons.ttf",
            "source_hash": null,
            "storage_class": "STANDARD",
            "tags": {},
            "tags_all": {},
            "version_id": "null",
            "website_redirect": ""
          },
          "sensitive_attributes": [],
          "private": "bnVsbA==",
          "dependencies": [
            "aws_s3_bucket.s3_website_bucket"
          ]
        },
        {
          "index_key": "assets/packages/font_awesome_flutter/lib/fonts/fa-brands-400.ttf",
          "schema_version": 0,
          "attributes": {
            "acl": null,
            "bucket": "chapter03-website",
            "bucket_key_enabled": false,
            "cache_control": "",
            "content": null,
            "content_base64": null,
            "content_disposition": "",
            "content_encoding": "",
            "content_language": "",
            "content_type": "binary/octet-stream",
            "etag": "b00363533ebe0bfdb95f3694d7647f6d",
            "force_destroy": false,
            "id": "assets/packages/font_awesome_flutter/lib/fonts/fa-brands-400.ttf",
            "key": "assets/packages/font_awesome_flutter/lib/fonts/fa-brands-400.ttf",
            "kms_key_id": null,
            "metadata": {},
            "object_lock_legal_hold_status": "",
            "object_lock_mode": "",
            "object_lock_retain_until_date": "",
            "server_side_encryption": "AES256",
            "source": "files/website/assets/packages/font_awesome_flutter/lib/fonts/fa-brands-400.ttf",
            "source_hash": null,
            "storage_class": "STANDARD",
            "tags": {},
            "tags_all": {},
            "version_id": "null",
            "website_redirect": ""
          },
          "sensitive_attributes": [],
          "private": "bnVsbA==",
          "dependencies": [
            "aws_s3_bucket.s3_website_bucket"
          ]
        },
        {
          "index_key": "assets/packages/font_awesome_flutter/lib/fonts/fa-regular-400.ttf",
          "schema_version": 0,
          "attributes": {
            "acl": null,
            "bucket": "chapter03-website",
            "bucket_key_enabled": false,
            "cache_control": "",
            "content": null,
            "content_base64": null,
            "content_disposition": "",
            "content_encoding": "",
            "content_language": "",
            "content_type": "binary/octet-stream",
            "etag": "0a94bab8e306520dc6ae14c2573972ad",
            "force_destroy": false,
            "id": "assets/packages/font_awesome_flutter/lib/fonts/fa-regular-400.ttf",
            "key": "assets/packages/font_awesome_flutter/lib/fonts/fa-regular-400.ttf",
            "kms_key_id": null,
            "metadata": {},
            "object_lock_legal_hold_status": "",
            "object_lock_mode": "",
            "object_lock_retain_until_date": "",
            "server_side_encryption": "AES256",
            "source": "files/website/assets/packages/font_awesome_flutter/lib/fonts/fa-regular-400.ttf",
            "source_hash": null,
            "storage_class": "STANDARD",
            "tags": {},
            "tags_all": {},
            "version_id": "iIdGw3cnEfkt3ci7616939tsora5X49U",
            "website_redirect": ""
          },
          "sensitive_attributes": [],
          "private": "bnVsbA==",
          "dependencies": [
            "aws_s3_bucket.s3_website_bucket"
          ]
        },
        {
          "index_key": "assets/packages/font_awesome_flutter/lib/fonts/fa-solid-900.ttf",
          "schema_version": 0,
          "attributes": {
            "acl": null,
            "bucket": "chapter03-website",
            "bucket_key_enabled": false,
            "cache_control": "",
            "content": null,
            "content_base64": null,
            "content_disposition": "",
            "content_encoding": "",
            "content_language": "",
            "content_type": "binary/octet-stream",
            "etag": "9cda082bd7cc5642096b56fa8db15b45",
            "force_destroy": false,
            "id": "assets/packages/font_awesome_flutter/lib/fonts/fa-solid-900.ttf",
            "key": "assets/packages/font_awesome_flutter/lib/fonts/fa-solid-900.ttf",
            "kms_key_id": null,
            "metadata": {},
            "object_lock_legal_hold_status": "",
            "object_lock_mode": "",
            "object_lock_retain_until_date": "",
            "server_side_encryption": "AES256",
            "source": "files/website/assets/packages/font_awesome_flutter/lib/fonts/fa-solid-900.ttf",
            "source_hash": null,
            "storage_class": "STANDARD",
            "tags": {},
            "tags_all": {},
            "version_id": "null",
            "website_redirect": ""
          },
          "sensitive_attributes": [],
          "private": "bnVsbA==",
          "dependencies": [
            "aws_s3_bucket.s3_website_bucket"
          ]
        },
        {
          "index_key": "canvaskit/canvaskit.js",
          "schema_version": 0,
          "attributes": {
            "acl": null,
            "bucket": "chapter03-website",
            "bucket_key_enabled": false,
            "cache_control": "",
            "content": null,
            "content_base64": null,
            "content_disposition": "",
            "content_encoding": "",
            "content_language": "",
            "content_type": "binary/octet-stream",
            "etag": "97937cb4c2c2073c968525a3e08c86a3",
            "force_destroy": false,
            "id": "canvaskit/canvaskit.js",
            "key": "canvaskit/canvaskit.js",
            "kms_key_id": null,
            "metadata": {},
            "object_lock_legal_hold_status": "",
            "object_lock_mode": "",
            "object_lock_retain_until_date": "",
            "server_side_encryption": "AES256",
            "source": "files/website/canvaskit/canvaskit.js",
            "source_hash": null,
            "storage_class": "STANDARD",
            "tags": {},
            "tags_all": {},
            "version_id": "null",
            "website_redirect": ""
          },
          "sensitive_attributes": [],
          "private": "bnVsbA==",
          "dependencies": [
            "aws_s3_bucket.s3_website_bucket"
          ]
        },
        {
          "index_key": "canvaskit/canvaskit.wasm",
          "schema_version": 0,
          "attributes": {
            "acl": null,
            "bucket": "chapter03-website",
            "bucket_key_enabled": false,
            "cache_control": "",
            "content": null,
            "content_base64": null,
            "content_disposition": "",
            "content_encoding": "",
            "content_language": "",
            "content_type": "binary/octet-stream",
            "etag": "677233272945cab089e81ef7161ab6f8-2",
            "force_destroy": false,
            "id": "canvaskit/canvaskit.wasm",
            "key": "canvaskit/canvaskit.wasm",
            "kms_key_id": null,
            "metadata": {},
            "object_lock_legal_hold_status": "",
            "object_lock_mode": "",
            "object_lock_retain_until_date": "",
            "server_side_encryption": "AES256",
            "source": "files/website/canvaskit/canvaskit.wasm",
            "source_hash": null,
            "storage_class": "STANDARD",
            "tags": {},
            "tags_all": {},
            "version_id": "fzSN4pwJB5732ezvQJf9vcMnQdxkLUmK",
            "website_redirect": ""
          },
          "sensitive_attributes": [],
          "private": "bnVsbA==",
          "dependencies": [
            "aws_s3_bucket.s3_website_bucket"
          ]
        },
        {
          "index_key": "canvaskit/profiling/canvaskit.js",
          "schema_version": 0,
          "attributes": {
            "acl": null,
            "bucket": "chapter03-website",
            "bucket_key_enabled": false,
            "cache_control": "",
            "content": null,
            "content_base64": null,
            "content_disposition": "",
            "content_encoding": "",
            "content_language": "",
            "content_type": "binary/octet-stream",
            "etag": "c21852696bc1cc82e8894d851c01921a",
            "force_destroy": false,
            "id": "canvaskit/profiling/canvaskit.js",
            "key": "canvaskit/profiling/canvaskit.js",
            "kms_key_id": null,
            "metadata": {},
            "object_lock_legal_hold_status": "",
            "object_lock_mode": "",
            "object_lock_retain_until_date": "",
            "server_side_encryption": "AES256",
            "source": "files/website/canvaskit/profiling/canvaskit.js",
            "source_hash": null,
            "storage_class": "STANDARD",
            "tags": {},
            "tags_all": {},
            "version_id": "KJl0KO05aUggcUqsIgQlNYVsmmwDDYVz",
            "website_redirect": ""
          },
          "sensitive_attributes": [],
          "private": "bnVsbA==",
          "dependencies": [
            "aws_s3_bucket.s3_website_bucket"
          ]
        },
        {
          "index_key": "canvaskit/profiling/canvaskit.wasm",
          "schema_version": 0,
          "attributes": {
            "acl": null,
            "bucket": "chapter03-website",
            "bucket_key_enabled": false,
            "cache_control": "",
            "content": null,
            "content_base64": null,
            "content_disposition": "",
            "content_encoding": "",
            "content_language": "",
            "content_type": "binary/octet-stream",
            "etag": "b9d7eee470733b5d153dbcf3e00979d4-2",
            "force_destroy": false,
            "id": "canvaskit/profiling/canvaskit.wasm",
            "key": "canvaskit/profiling/canvaskit.wasm",
            "kms_key_id": null,
            "metadata": {},
            "object_lock_legal_hold_status": "",
            "object_lock_mode": "",
            "object_lock_retain_until_date": "",
            "server_side_encryption": "AES256",
            "source": "files/website/canvaskit/profiling/canvaskit.wasm",
            "source_hash": null,
            "storage_class": "STANDARD",
            "tags": {},
            "tags_all": {},
            "version_id": "uCKvU.42t296.V7eGg5i8H2bmrZZ6Oe7",
            "website_redirect": ""
          },
          "sensitive_attributes": [],
          "private": "bnVsbA==",
          "dependencies": [
            "aws_s3_bucket.s3_website_bucket"
          ]
        },
        {
          "index_key": "favicon.ico",
          "schema_version": 0,
          "attributes": {
            "acl": null,
            "bucket": "chapter03-website",
            "bucket_key_enabled": false,
            "cache_control": "",
            "content": null,
            "content_base64": null,
            "content_disposition": "",
            "content_encoding": "",
            "content_language": "",
            "content_type": "binary/octet-stream",
            "etag": "dc0947f5232d4f7b72e1271cfa22f88a",
            "force_destroy": false,
            "id": "favicon.ico",
            "key": "favicon.ico",
            "kms_key_id": null,
            "metadata": {},
            "object_lock_legal_hold_status": "",
            "object_lock_mode": "",
            "object_lock_retain_until_date": "",
            "server_side_encryption": "AES256",
            "source": "files/website/favicon.ico",
            "source_hash": null,
            "storage_class": "STANDARD",
            "tags": {},
            "tags_all": {},
            "version_id": "ju5hNSh0tD7SzpDaYOEoDNaGQhYZlEFE",
            "website_redirect": ""
          },
          "sensitive_attributes": [],
          "private": "bnVsbA==",
          "dependencies": [
            "aws_s3_bucket.s3_website_bucket"
          ]
        },
        {
          "index_key": "flutter.js",
          "schema_version": 0,
          "attributes": {
            "acl": null,
            "bucket": "chapter03-website",
            "bucket_key_enabled": false,
            "cache_control": "",
            "content": null,
            "content_base64": null,
            "content_disposition": "",
            "content_encoding": "",
            "content_language": "",
            "content_type": "binary/octet-stream",
            "etag": "a85fcf6324d3c4d3ae3be1ae4931e9c5",
            "force_destroy": false,
            "id": "flutter.js",
            "key": "flutter.js",
            "kms_key_id": null,
            "metadata": {},
            "object_lock_legal_hold_status": "",
            "object_lock_mode": "",
            "object_lock_retain_until_date": "",
            "server_side_encryption": "AES256",
            "source": "files/website/flutter.js",
            "source_hash": null,
            "storage_class": "STANDARD",
            "tags": {},
            "tags_all": {},
            "version_id": "null",
            "website_redirect": ""
          },
          "sensitive_attributes": [],
          "private": "bnVsbA==",
          "dependencies": [
            "aws_s3_bucket.s3_website_bucket"
          ]
        },
        {
          "index_key": "flutter_service_worker.js",
          "schema_version": 0,
          "attributes": {
            "acl": null,
            "bucket": "chapter03-website",
            "bucket_key_enabled": false,
            "cache_control": "",
            "content": null,
            "content_base64": null,
            "content_disposition": "",
            "content_encoding": "",
            "content_language": "",
            "content_type": "binary/octet-stream",
            "etag": "2fa21f40a7c3dfcdbd553cf1103e0bb4",
            "force_destroy": false,
            "id": "flutter_service_worker.js",
            "key": "flutter_service_worker.js",
            "kms_key_id": null,
            "metadata": {},
            "object_lock_legal_hold_status": "",
            "object_lock_mode": "",
            "object_lock_retain_until_date": "",
            "server_side_encryption": "AES256",
            "source": "files/website/flutter_service_worker.js",
            "source_hash": null,
            "storage_class": "STANDARD",
            "tags": {},
            "tags_all": {},
            "version_id": "null",
            "website_redirect": ""
          },
          "sensitive_attributes": [],
          "private": "bnVsbA==",
          "dependencies": [
            "aws_s3_bucket.s3_website_bucket"
          ]
        },
        {
          "index_key": "icons/Icon-192.png",
          "schema_version": 0,
          "attributes": {
            "acl": null,
            "bucket": "chapter03-website",
            "bucket_key_enabled": false,
            "cache_control": "",
            "content": null,
            "content_base64": null,
            "content_disposition": "",
            "content_encoding": "",
            "content_language": "",
            "content_type": "binary/octet-stream",
            "etag": "012b7c15a60924f14be9c1358b018948",
            "force_destroy": false,
            "id": "icons/Icon-192.png",
            "key": "icons/Icon-192.png",
            "kms_key_id": null,
            "metadata": {},
            "object_lock_legal_hold_status": "",
            "object_lock_mode": "",
            "object_lock_retain_until_date": "",
            "server_side_encryption": "AES256",
            "source": "files/website/icons/Icon-192.png",
            "source_hash": null,
            "storage_class": "STANDARD",
            "tags": {},
            "tags_all": {},
            "version_id": "null",
            "website_redirect": ""
          },
          "sensitive_attributes": [],
          "private": "bnVsbA==",
          "dependencies": [
            "aws_s3_bucket.s3_website_bucket"
          ]
        },
        {
          "index_key": "icons/Icon-512.png",
          "schema_version": 0,
          "attributes": {
            "acl": null,
            "bucket": "chapter03-website",
            "bucket_key_enabled": false,
            "cache_control": "",
            "content": null,
            "content_base64": null,
            "content_disposition": "",
            "content_encoding": "",
            "content_language": "",
            "content_type": "binary/octet-stream",
            "etag": "c40bf849cd14d4e92ed2a50e34ee4632",
            "force_destroy": false,
            "id": "icons/Icon-512.png",
            "key": "icons/Icon-512.png",
            "kms_key_id": null,
            "metadata": {},
            "object_lock_legal_hold_status": "",
            "object_lock_mode": "",
            "object_lock_retain_until_date": "",
            "server_side_encryption": "AES256",
            "source": "files/website/icons/Icon-512.png",
            "source_hash": null,
            "storage_class": "STANDARD",
            "tags": {},
            "tags_all": {},
            "version_id": "g4mivW3vIyd1ZsLarTGAWctDfHFzi7Df",
            "website_redirect": ""
          },
          "sensitive_attributes": [],
          "private": "bnVsbA==",
          "dependencies": [
            "aws_s3_bucket.s3_website_bucket"
          ]
        },
        {
          "index_key": "icons/Icon-maskable-192.png",
          "schema_version": 0,
          "attributes": {
            "acl": null,
            "bucket": "chapter03-website",
            "bucket_key_enabled": false,
            "cache_control": "",
            "content": null,
            "content_base64": null,
            "content_disposition": "",
            "content_encoding": "",
            "content_language": "",
            "content_type": "binary/octet-stream",
            "etag": "012b7c15a60924f14be9c1358b018948",
            "force_destroy": false,
            "id": "icons/Icon-maskable-192.png",
            "key": "icons/Icon-maskable-192.png",
            "kms_key_id": null,
            "metadata": {},
            "object_lock_legal_hold_status": "",
            "object_lock_mode": "",
            "object_lock_retain_until_date": "",
            "server_side_encryption": "AES256",
            "source": "files/website/icons/Icon-maskable-192.png",
            "source_hash": null,
            "storage_class": "STANDARD",
            "tags": {},
            "tags_all": {},
            "version_id": "null",
            "website_redirect": ""
          },
          "sensitive_attributes": [],
          "private": "bnVsbA==",
          "dependencies": [
            "aws_s3_bucket.s3_website_bucket"
          ]
        },
        {
          "index_key": "icons/Icon-maskable-512.png",
          "schema_version": 0,
          "attributes": {
            "acl": null,
            "bucket": "chapter03-website",
            "bucket_key_enabled": false,
            "cache_control": "",
            "content": null,
            "content_base64": null,
            "content_disposition": "",
            "content_encoding": "",
            "content_language": "",
            "content_type": "binary/octet-stream",
            "etag": "c40bf849cd14d4e92ed2a50e34ee4632",
            "force_destroy": false,
            "id": "icons/Icon-maskable-512.png",
            "key": "icons/Icon-maskable-512.png",
            "kms_key_id": null,
            "metadata": {},
            "object_lock_legal_hold_status": "",
            "object_lock_mode": "",
            "object_lock_retain_until_date": "",
            "server_side_encryption": "AES256",
            "source": "files/website/icons/Icon-maskable-512.png",
            "source_hash": null,
            "storage_class": "STANDARD",
            "tags": {},
            "tags_all": {},
            "version_id": "null",
            "website_redirect": ""
          },
          "sensitive_attributes": [],
          "private": "bnVsbA==",
          "dependencies": [
            "aws_s3_bucket.s3_website_bucket"
          ]
        },
        {
          "index_key": "index.html",
          "schema_version": 0,
          "attributes": {
            "acl": null,
            "bucket": "chapter03-website",
            "bucket_key_enabled": false,
            "cache_control": "",
            "content": null,
            "content_base64": null,
            "content_disposition": "",
            "content_encoding": "",
            "content_language": "",
            "content_type": "binary/octet-stream",
            "etag": "b0a06af7b292d1590a88ced484f03af3",
            "force_destroy": false,
            "id": "index.html",
            "key": "index.html",
            "kms_key_id": null,
            "metadata": {},
            "object_lock_legal_hold_status": "",
            "object_lock_mode": "",
            "object_lock_retain_until_date": "",
            "server_side_encryption": "AES256",
            "source": "files/website/index.html",
            "source_hash": null,
            "storage_class": "STANDARD",
            "tags": {},
            "tags_all": {},
            "version_id": "null",
            "website_redirect": ""
          },
          "sensitive_attributes": [],
          "private": "bnVsbA==",
          "dependencies": [
            "aws_s3_bucket.s3_website_bucket"
          ]
        },
        {
          "index_key": "main.dart.js",
          "schema_version": 0,
          "attributes": {
            "acl": null,
            "bucket": "chapter03-website",
            "bucket_key_enabled": false,
            "cache_control": "",
            "content": null,
            "content_base64": null,
            "content_disposition": "",
            "content_encoding": "",
            "content_language": "",
            "content_type": "binary/octet-stream",
            "etag": "ededa55e00deef022a638b8d5df1e861",
            "force_destroy": false,
            "id": "main.dart.js",
            "key": "main.dart.js",
            "kms_key_id": null,
            "metadata": {},
            "object_lock_legal_hold_status": "",
            "object_lock_mode": "",
            "object_lock_retain_until_date": "",
            "server_side_encryption": "AES256",
            "source": "files/website/main.dart.js",
            "source_hash": null,
            "storage_class": "STANDARD",
            "tags": {},
            "tags_all": {},
            "version_id": "null",
            "website_redirect": ""
          },
          "sensitive_attributes": [],
          "private": "bnVsbA==",
          "dependencies": [
            "aws_s3_bucket.s3_website_bucket"
          ]
        },
        {
          "index_key": "manifest.json",
          "schema_version": 0,
          "attributes": {
            "acl": null,
            "bucket": "chapter03-website",
            "bucket_key_enabled": false,
            "cache_control": "",
            "content": null,
            "content_base64": null,
            "content_disposition": "",
            "content_encoding": "",
            "content_language": "",
            "content_type": "binary/octet-stream",
            "etag": "e882da45d2732cf284664f51e540566e",
            "force_destroy": false,
            "id": "manifest.json",
            "key": "manifest.json",
            "kms_key_id": null,
            "metadata": {},
            "object_lock_legal_hold_status": "",
            "object_lock_mode": "",
            "object_lock_retain_until_date": "",
            "server_side_encryption": "AES256",
            "source": "files/website/manifest.json",
            "source_hash": null,
            "storage_class": "STANDARD",
            "tags": {},
            "tags_all": {},
            "version_id": "null",
            "website_redirect": ""
          },
          "sensitive_attributes": [],
          "private": "bnVsbA==",
          "dependencies": [
            "aws_s3_bucket.s3_website_bucket"
          ]
        },
        {
          "index_key": "version.json",
          "schema_version": 0,
          "attributes": {
            "acl": null,
            "bucket": "chapter03-website",
            "bucket_key_enabled": false,
            "cache_control": "",
            "content": null,
            "content_base64": null,
            "content_disposition": "",
            "content_encoding": "",
            "content_language": "",
            "content_type": "binary/octet-stream",
            "etag": "7ee20e6bdce5a414a647d5a260e16c97",
            "force_destroy": false,
            "id": "version.json",
            "key": "version.json",
            "kms_key_id": null,
            "metadata": {},
            "object_lock_legal_hold_status": "",
            "object_lock_mode": "",
            "object_lock_retain_until_date": "",
            "server_side_encryption": "AES256",
            "source": "files/website/version.json",
            "source_hash": null,
            "storage_class": "STANDARD",
            "tags": {},
            "tags_all": {},
            "version_id": "null",
            "website_redirect": ""
          },
          "sensitive_attributes": [],
          "private": "bnVsbA==",
          "dependencies": [
            "aws_s3_bucket.s3_website_bucket"
          ]
        }
      ]
    },
    {
      "mode": "managed",
      "type": "aws_s3_object",
      "name": "s3_presigned_object_audio",
      "provider": "provider[\"registry.terraform.io/hashicorp/aws\"]",
      "instances": [
        {
          "schema_version": 0,
          "attributes": {
            "acl": null,
            "bucket": "chapter03-presigned-objects",
            "bucket_key_enabled": false,
            "cache_control": "",
            "content": null,
            "content_base64": null,
            "content_disposition": "",
            "content_encoding": "",
            "content_language": "",
            "content_type": "binary/octet-stream",
            "etag": "89991f4d5af11799918f883e58afae7d",
            "force_destroy": false,
            "id": "audio_message.mp3",
            "key": "audio_message.mp3",
            "kms_key_id": null,
            "metadata": {},
            "object_lock_legal_hold_status": "",
            "object_lock_mode": "",
            "object_lock_retain_until_date": "",
            "server_side_encryption": "AES256",
            "source": "files/presigned/audio_message.mp3",
            "source_hash": null,
            "storage_class": "STANDARD",
            "tags": {},
            "tags_all": {},
            "version_id": "q1OC7R_PGYkgIqJcezYyEgFvAMtLK5Up",
            "website_redirect": ""
          },
          "sensitive_attributes": [],
          "private": "bnVsbA==",
          "dependencies": [
            "aws_s3_bucket.s3_presigned_bucket"
          ]
        }
      ]
    },
    {
      "mode": "managed",
      "type": "aws_s3_object",
      "name": "s3_presigned_object_image",
      "provider": "provider[\"registry.terraform.io/hashicorp/aws\"]",
      "instances": [
        {
          "schema_version": 0,
          "attributes": {
            "acl": null,
            "bucket": "chapter03-presigned-objects",
            "bucket_key_enabled": false,
            "cache_control": "",
            "content": null,
            "content_base64": null,
            "content_disposition": "",
            "content_encoding": "",
            "content_language": "",
            "content_type": "binary/octet-stream",
            "etag": "333a6e94f0bd0662c801db6b489f68f3",
            "force_destroy": false,
            "id": "movie_devourer.png",
            "key": "movie_devourer.png",
            "kms_key_id": null,
            "metadata": {},
            "object_lock_legal_hold_status": "",
            "object_lock_mode": "",
            "object_lock_retain_until_date": "",
            "server_side_encryption": "AES256",
            "source": "files/presigned/movie_devourer.png",
            "source_hash": null,
            "storage_class": "STANDARD",
            "tags": {},
            "tags_all": {},
            "version_id": "70wVAFWSHurZsUx6cK26uu8XzBkspeeF",
            "website_redirect": ""
          },
          "sensitive_attributes": [],
          "private": "bnVsbA==",
          "dependencies": [
            "aws_s3_bucket.s3_presigned_bucket"
          ]
        }
      ]
    },
    {
      "mode": "managed",
      "type": "aws_s3_object",
      "name": "s3_presigned_object_text",
      "provider": "provider[\"registry.terraform.io/hashicorp/aws\"]",
      "instances": [
        {
          "schema_version": 0,
          "attributes": {
            "acl": null,
            "bucket": "chapter03-presigned-objects",
            "bucket_key_enabled": false,
            "cache_control": "",
            "content": null,
            "content_base64": null,
            "content_disposition": "",
            "content_encoding": "",
            "content_language": "",
            "content_type": "binary/octet-stream",
            "etag": "e75fd5b97055ee47ba1a29b50f1a7443",
            "force_destroy": false,
            "id": "message.txt",
            "key": "message.txt",
            "kms_key_id": null,
            "metadata": {},
            "object_lock_legal_hold_status": "",
            "object_lock_mode": "",
            "object_lock_retain_until_date": "",
            "server_side_encryption": "AES256",
            "source": "files/presigned/message.txt",
            "source_hash": null,
            "storage_class": "STANDARD",
            "tags": {},
            "tags_all": {},
            "version_id": "null",
            "website_redirect": ""
          },
          "sensitive_attributes": [],
          "private": "bnVsbA==",
          "dependencies": [
            "aws_s3_bucket.s3_presigned_bucket"
          ]
        }
      ]
    },
    {
      "mode": "managed",
      "type": "null_resource",
      "name": "presign_audio",
      "provider": "provider[\"registry.terraform.io/hashicorp/null\"]",
      "instances": [
        {
          "schema_version": 0,
          "attributes": {
            "id": "1828873658635323073",
            "triggers": null
          },
          "sensitive_attributes": [],
          "dependencies": [
            "aws_s3_bucket.s3_presigned_bucket",
            "aws_s3_object.s3_presigned_object_audio",
            "aws_s3_object.s3_presigned_object_image"
          ]
        }
      ]
    },
    {
      "mode": "managed",
      "type": "null_resource",
      "name": "presign_image",
      "provider": "provider[\"registry.terraform.io/hashicorp/null\"]",
      "instances": [
        {
          "schema_version": 0,
          "attributes": {
            "id": "4343033116010949727",
            "triggers": null
          },
          "sensitive_attributes": [],
          "dependencies": [
            "aws_s3_bucket.s3_presigned_bucket",
            "aws_s3_object.s3_presigned_object_image"
          ]
        }
      ]
    },
    {
      "mode": "managed",
      "type": "null_resource",
      "name": "presign_text",
      "provider": "provider[\"registry.terraform.io/hashicorp/null\"]",
      "instances": [
        {
          "schema_version": 0,
          "attributes": {
            "id": "8091938670198908638",
            "triggers": null
          },
          "sensitive_attributes": [],
          "dependencies": [
            "aws_s3_bucket.s3_presigned_bucket",
            "aws_s3_object.s3_presigned_object_image",
            "aws_s3_object.s3_presigned_object_text"
          ]
        }
      ]
    }
  ],
  "check_results": null
}
