{
  "version": 4,
  "terraform_version": "1.4.6",
  "serial": 88,
  "lineage": "8a4fafbd-6702-368f-7317-0940670095c3",
  "outputs": {
    "eni_id": {
      "value": "eni-044a5d8e2ae681ac4",
      "type": "string"
    },
    "igw_id": {
      "value": "igw-0847847b735f8097e",
      "type": "string"
    },
    "security_group_id": {
      "value": "sg-014542645c614e452",
      "type": "string"
    },
    "subnet_id": {
      "value": "subnet-080ecaff9ef4b062d",
      "type": "string"
    },
    "vpc_id": {
      "value": "vpc-02fa506af32144cd1",
      "type": "string"
    }
  },
  "resources": [
    {
      "module": "module.simple_vpc",
      "mode": "managed",
      "type": "aws_internet_gateway",
      "name": "simple_internet_gateway",
      "provider": "module.simple_vpc.provider[\"registry.terraform.io/hashicorp/aws\"]",
      "instances": [
        {
          "schema_version": 0,
          "attributes": {
            "arn": "arn:aws:ec2:eu-west-1:781254623749:internet-gateway/igw-0847847b735f8097e",
            "id": "igw-0847847b735f8097e",
            "owner_id": "781254623749",
            "tags": {
              "Name": "chapter04-simple-internet-gateway",
              "exam": "saa_c03",
              "workspace": "chapter04"
            },
            "tags_all": {
              "Name": "chapter04-simple-internet-gateway",
              "exam": "saa_c03",
              "workspace": "chapter04"
            },
            "timeouts": null,
            "vpc_id": "vpc-02fa506af32144cd1"
          },
          "sensitive_attributes": [],
          "private": "eyJlMmJmYjczMC1lY2FhLTExZTYtOGY4OC0zNDM2M2JjN2M0YzAiOnsiY3JlYXRlIjoxMjAwMDAwMDAwMDAwLCJkZWxldGUiOjEyMDAwMDAwMDAwMDAsInVwZGF0ZSI6MTIwMDAwMDAwMDAwMH19",
          "dependencies": [
            "module.simple_vpc.aws_vpc.simple_vpc"
          ]
        }
      ]
    },
    {
      "module": "module.simple_vpc",
      "mode": "managed",
      "type": "aws_network_acl_rule",
      "name": "allow_rdp",
      "provider": "module.simple_vpc.provider[\"registry.terraform.io/hashicorp/aws\"]",
      "instances": [
        {
          "schema_version": 0,
          "attributes": {
            "cidr_block": "0.0.0.0/0",
            "egress": false,
            "from_port": 3389,
            "icmp_code": null,
            "icmp_type": null,
            "id": "nacl-110481599",
            "ipv6_cidr_block": "",
            "network_acl_id": "acl-0cb11cc5446662d6f",
            "protocol": "6",
            "rule_action": "allow",
            "rule_number": 80,
            "to_port": 3389
          },
          "sensitive_attributes": [],
          "private": "bnVsbA==",
          "dependencies": [
            "module.simple_vpc.aws_vpc.simple_vpc"
          ]
        }
      ]
    },
    {
      "module": "module.simple_vpc",
      "mode": "managed",
      "type": "aws_network_acl_rule",
      "name": "allow_ssh",
      "provider": "module.simple_vpc.provider[\"registry.terraform.io/hashicorp/aws\"]",
      "instances": [
        {
          "schema_version": 0,
          "attributes": {
            "cidr_block": "0.0.0.0/0",
            "egress": false,
            "from_port": 22,
            "icmp_code": null,
            "icmp_type": null,
            "id": "nacl-568657290",
            "ipv6_cidr_block": "",
            "network_acl_id": "acl-0cb11cc5446662d6f",
            "protocol": "6",
            "rule_action": "allow",
            "rule_number": 70,
            "to_port": 22
          },
          "sensitive_attributes": [],
          "private": "bnVsbA==",
          "dependencies": [
            "module.simple_vpc.aws_vpc.simple_vpc"
          ]
        }
      ]
    },
    {
      "module": "module.simple_vpc",
      "mode": "managed",
      "type": "aws_network_interface",
      "name": "simple_network_interface",
      "provider": "module.simple_vpc.provider[\"registry.terraform.io/hashicorp/aws\"]",
      "instances": [
        {
          "schema_version": 0,
          "attributes": {
            "arn": "arn:aws:ec2:eu-west-1:781254623749:network-interface/eni-044a5d8e2ae681ac4",
            "attachment": [],
            "description": "",
            "id": "eni-044a5d8e2ae681ac4",
            "interface_type": "interface",
            "ipv4_prefix_count": 0,
            "ipv4_prefixes": [],
            "ipv6_address_count": 0,
            "ipv6_address_list": [],
            "ipv6_address_list_enabled": false,
            "ipv6_addresses": [],
            "ipv6_prefix_count": 0,
            "ipv6_prefixes": [],
            "mac_address": "02:cb:2c:ec:c5:f1",
            "outpost_arn": "",
            "owner_id": "781254623749",
            "private_dns_name": "",
            "private_ip": "172.16.100.200",
            "private_ip_list": [
              "172.16.100.200"
            ],
            "private_ip_list_enabled": false,
            "private_ips": [
              "172.16.100.200"
            ],
            "private_ips_count": 0,
            "security_groups": [
              "sg-0a9772056b2e97204"
            ],
            "source_dest_check": true,
            "subnet_id": "subnet-080ecaff9ef4b062d",
            "tags": {
              "Name": "chapter04-simple-network-interface",
              "exam": "saa_c03",
              "workspace": "chapter04"
            },
            "tags_all": {
              "Name": "chapter04-simple-network-interface",
              "exam": "saa_c03",
              "workspace": "chapter04"
            }
          },
          "sensitive_attributes": [],
          "private": "bnVsbA==",
          "dependencies": [
            "module.simple_vpc.aws_subnet.simple_subnet",
            "module.simple_vpc.aws_vpc.simple_vpc"
          ]
        }
      ]
    },
    {
      "module": "module.simple_vpc",
      "mode": "managed",
      "type": "aws_route",
      "name": "simple_route",
      "provider": "module.simple_vpc.provider[\"registry.terraform.io/hashicorp/aws\"]",
      "instances": [
        {
          "schema_version": 0,
          "attributes": {
            "carrier_gateway_id": "",
            "core_network_arn": "",
            "destination_cidr_block": "0.0.0.0/0",
            "destination_ipv6_cidr_block": "",
            "destination_prefix_list_id": "",
            "egress_only_gateway_id": "",
            "gateway_id": "igw-0847847b735f8097e",
            "id": "r-rtb-0bd319a46d61cb8a11080289494",
            "instance_id": "",
            "instance_owner_id": "",
            "local_gateway_id": "",
            "nat_gateway_id": "",
            "network_interface_id": "",
            "origin": "CreateRoute",
            "route_table_id": "rtb-0bd319a46d61cb8a1",
            "state": "active",
            "timeouts": null,
            "transit_gateway_id": "",
            "vpc_endpoint_id": "",
            "vpc_peering_connection_id": ""
          },
          "sensitive_attributes": [],
          "private": "eyJlMmJmYjczMC1lY2FhLTExZTYtOGY4OC0zNDM2M2JjN2M0YzAiOnsiY3JlYXRlIjozMDAwMDAwMDAwMDAsImRlbGV0ZSI6MzAwMDAwMDAwMDAwLCJ1cGRhdGUiOjEyMDAwMDAwMDAwMH19",
          "dependencies": [
            "module.simple_vpc.aws_internet_gateway.simple_internet_gateway",
            "module.simple_vpc.aws_vpc.simple_vpc"
          ]
        }
      ]
    },
    {
      "module": "module.simple_vpc",
      "mode": "managed",
      "type": "aws_security_group",
      "name": "simple_security_group",
      "provider": "module.simple_vpc.provider[\"registry.terraform.io/hashicorp/aws\"]",
      "instances": [
        {
          "schema_version": 1,
          "attributes": {
            "arn": "arn:aws:ec2:eu-west-1:781254623749:security-group/sg-014542645c614e452",
            "description": "Managed by Terraform",
            "egress": [
              {
                "cidr_blocks": [
                  "0.0.0.0/0"
                ],
                "description": "Default Outbound Rule",
                "from_port": 0,
                "ipv6_cidr_blocks": [],
                "prefix_list_ids": [],
                "protocol": "-1",
                "security_groups": [],
                "self": false,
                "to_port": 0
              }
            ],
            "id": "sg-014542645c614e452",
            "ingress": [
              {
                "cidr_blocks": [
                  "0.0.0.0/0"
                ],
                "description": "HTTP Access",
                "from_port": 80,
                "ipv6_cidr_blocks": [],
                "prefix_list_ids": [],
                "protocol": "tcp",
                "security_groups": [],
                "self": false,
                "to_port": 80
              },
              {
                "cidr_blocks": [
                  "0.0.0.0/0"
                ],
                "description": "HTTPS Access",
                "from_port": 443,
                "ipv6_cidr_blocks": [],
                "prefix_list_ids": [],
                "protocol": "tcp",
                "security_groups": [],
                "self": false,
                "to_port": 443
              },
              {
                "cidr_blocks": [
                  "0.0.0.0/0"
                ],
                "description": "SSH Access",
                "from_port": 22,
                "ipv6_cidr_blocks": [],
                "prefix_list_ids": [],
                "protocol": "tcp",
                "security_groups": [],
                "self": false,
                "to_port": 22
              }
            ],
            "name": "chapter04-simple-security-group",
            "name_prefix": "",
            "owner_id": "781254623749",
            "revoke_rules_on_delete": false,
            "tags": null,
            "tags_all": {},
            "timeouts": null,
            "vpc_id": "vpc-02fa506af32144cd1"
          },
          "sensitive_attributes": [],
          "private": "eyJlMmJmYjczMC1lY2FhLTExZTYtOGY4OC0zNDM2M2JjN2M0YzAiOnsiY3JlYXRlIjo2MDAwMDAwMDAwMDAsImRlbGV0ZSI6OTAwMDAwMDAwMDAwfSwic2NoZW1hX3ZlcnNpb24iOiIxIn0=",
          "dependencies": [
            "module.simple_vpc.aws_vpc.simple_vpc"
          ]
        }
      ]
    },
    {
      "module": "module.simple_vpc",
      "mode": "managed",
      "type": "aws_subnet",
      "name": "simple_subnet",
      "provider": "module.simple_vpc.provider[\"registry.terraform.io/hashicorp/aws\"]",
      "instances": [
        {
          "schema_version": 1,
          "attributes": {
            "arn": "arn:aws:ec2:eu-west-1:781254623749:subnet/subnet-080ecaff9ef4b062d",
            "assign_ipv6_address_on_creation": false,
            "availability_zone": "eu-west-1a",
            "availability_zone_id": "euw1-az1",
            "cidr_block": "172.16.100.0/24",
            "customer_owned_ipv4_pool": "",
            "enable_dns64": false,
            "enable_lni_at_device_index": 0,
            "enable_resource_name_dns_a_record_on_launch": false,
            "enable_resource_name_dns_aaaa_record_on_launch": false,
            "id": "subnet-080ecaff9ef4b062d",
            "ipv6_cidr_block": "",
            "ipv6_cidr_block_association_id": "",
            "ipv6_native": false,
            "map_customer_owned_ip_on_launch": false,
            "map_public_ip_on_launch": true,
            "outpost_arn": "",
            "owner_id": "781254623749",
            "private_dns_hostname_type_on_launch": "ip-name",
            "tags": {
              "Name": "chapter04-simple-subnet",
              "exam": "saa_c03",
              "workspace": "chapter04"
            },
            "tags_all": {
              "Name": "chapter04-simple-subnet",
              "exam": "saa_c03",
              "workspace": "chapter04"
            },
            "timeouts": null,
            "vpc_id": "vpc-02fa506af32144cd1"
          },
          "sensitive_attributes": [],
          "private": "eyJlMmJmYjczMC1lY2FhLTExZTYtOGY4OC0zNDM2M2JjN2M0YzAiOnsiY3JlYXRlIjo2MDAwMDAwMDAwMDAsImRlbGV0ZSI6MTIwMDAwMDAwMDAwMH0sInNjaGVtYV92ZXJzaW9uIjoiMSJ9",
          "dependencies": [
            "module.simple_vpc.aws_vpc.simple_vpc"
          ]
        }
      ]
    },
    {
      "module": "module.simple_vpc",
      "mode": "managed",
      "type": "aws_vpc",
      "name": "simple_vpc",
      "provider": "module.simple_vpc.provider[\"registry.terraform.io/hashicorp/aws\"]",
      "instances": [
        {
          "schema_version": 1,
          "attributes": {
            "arn": "arn:aws:ec2:eu-west-1:781254623749:vpc/vpc-02fa506af32144cd1",
            "assign_generated_ipv6_cidr_block": false,
            "cidr_block": "172.16.0.0/16",
            "default_network_acl_id": "acl-0cb11cc5446662d6f",
            "default_route_table_id": "rtb-0bd319a46d61cb8a1",
            "default_security_group_id": "sg-0a9772056b2e97204",
            "dhcp_options_id": "dopt-0ebbfe9932fd1d5a5",
            "enable_dns_hostnames": false,
            "enable_dns_support": true,
            "enable_network_address_usage_metrics": false,
            "id": "vpc-02fa506af32144cd1",
            "instance_tenancy": "default",
            "ipv4_ipam_pool_id": null,
            "ipv4_netmask_length": null,
            "ipv6_association_id": "",
            "ipv6_cidr_block": "",
            "ipv6_cidr_block_network_border_group": "",
            "ipv6_ipam_pool_id": "",
            "ipv6_netmask_length": 0,
            "main_route_table_id": "rtb-0bd319a46d61cb8a1",
            "owner_id": "781254623749",
            "tags": {
              "Name": "chapter04-simple-vpc",
              "exam": "saa_c03",
              "workspace": "chapter04"
            },
            "tags_all": {
              "Name": "chapter04-simple-vpc",
              "exam": "saa_c03",
              "workspace": "chapter04"
            }
          },
          "sensitive_attributes": [],
          "private": "eyJzY2hlbWFfdmVyc2lvbiI6IjEifQ=="
        }
      ]
    }
  ],
  "check_results": null
}
