{
  "version": 4,
  "terraform_version": "1.4.5",
  "serial": 45,
  "lineage": "8a4fafbd-6702-368f-7317-0940670095c3",
  "outputs": {},
  "resources": [
    {
      "module": "module.simple_vpc",
      "mode": "managed",
      "type": "aws_internet_gateway",
      "name": "simple_internet_gateway",
      "provider": "module.simple_vpc.provider[\"registry.terraform.io/hashicorp/aws\"]",
      "instances": [
        {
          "schema_version": 0,
          "attributes": {
            "arn": "arn:aws:ec2:eu-west-1:781254623749:internet-gateway/igw-088b987c33c55b561",
            "id": "igw-088b987c33c55b561",
            "owner_id": "781254623749",
            "tags": {
              "Name": "chapter04-simple-internet-gateway",
              "exam": "saa_c03",
              "workspace": "chapter04"
            },
            "tags_all": {
              "Name": "chapter04-simple-internet-gateway",
              "exam": "saa_c03",
              "workspace": "chapter04"
            },
            "timeouts": null,
            "vpc_id": "vpc-0343a232c61862444"
          },
          "sensitive_attributes": [],
          "private": "eyJlMmJmYjczMC1lY2FhLTExZTYtOGY4OC0zNDM2M2JjN2M0YzAiOnsiY3JlYXRlIjoxMjAwMDAwMDAwMDAwLCJkZWxldGUiOjEyMDAwMDAwMDAwMDAsInVwZGF0ZSI6MTIwMDAwMDAwMDAwMH19",
          "dependencies": [
            "module.simple_vpc.aws_vpc.simple_vpc"
          ]
        }
      ]
    },
    {
      "module": "module.simple_vpc",
      "mode": "managed",
      "type": "aws_network_interface",
      "name": "simple_network_interface",
      "provider": "module.simple_vpc.provider[\"registry.terraform.io/hashicorp/aws\"]",
      "instances": [
        {
          "schema_version": 0,
          "attributes": {
            "arn": "arn:aws:ec2:eu-west-1:781254623749:network-interface/eni-0c540b819e8cc349c",
            "attachment": [],
            "description": "",
            "id": "eni-0c540b819e8cc349c",
            "interface_type": "interface",
            "ipv4_prefix_count": 0,
            "ipv4_prefixes": [],
            "ipv6_address_count": 0,
            "ipv6_address_list": [],
            "ipv6_address_list_enabled": false,
            "ipv6_addresses": [],
            "ipv6_prefix_count": 0,
            "ipv6_prefixes": [],
            "mac_address": "02:ec:14:9f:60:c7",
            "outpost_arn": "",
            "owner_id": "781254623749",
            "private_dns_name": "",
            "private_ip": "172.16.100.208",
            "private_ip_list": [
              "172.16.100.208"
            ],
            "private_ip_list_enabled": false,
            "private_ips": [
              "172.16.100.208"
            ],
            "private_ips_count": 0,
            "security_groups": [
              "sg-0b5cacd06e7ee24b4"
            ],
            "source_dest_check": true,
            "subnet_id": "subnet-0391e667b4ecc213e",
            "tags": {
              "Name": "chapter04-simple-network-interface",
              "exam": "saa_c03",
              "workspace": "chapter04"
            },
            "tags_all": {
              "Name": "chapter04-simple-network-interface",
              "exam": "saa_c03",
              "workspace": "chapter04"
            }
          },
          "sensitive_attributes": [],
          "private": "bnVsbA==",
          "dependencies": [
            "module.simple_vpc.aws_subnet.simple_subnet",
            "module.simple_vpc.aws_vpc.simple_vpc"
          ]
        }
      ]
    },
    {
      "module": "module.simple_vpc",
      "mode": "managed",
      "type": "aws_route",
      "name": "simple_route",
      "provider": "module.simple_vpc.provider[\"registry.terraform.io/hashicorp/aws\"]",
      "instances": [
        {
          "schema_version": 0,
          "attributes": {
            "carrier_gateway_id": "",
            "core_network_arn": "",
            "destination_cidr_block": "0.0.0.0/0",
            "destination_ipv6_cidr_block": "",
            "destination_prefix_list_id": "",
            "egress_only_gateway_id": "",
            "gateway_id": "igw-088b987c33c55b561",
            "id": "r-rtb-0f8ec8a146734d4f61080289494",
            "instance_id": "",
            "instance_owner_id": "",
            "local_gateway_id": "",
            "nat_gateway_id": "",
            "network_interface_id": "",
            "origin": "CreateRoute",
            "route_table_id": "rtb-0f8ec8a146734d4f6",
            "state": "active",
            "timeouts": null,
            "transit_gateway_id": "",
            "vpc_endpoint_id": "",
            "vpc_peering_connection_id": ""
          },
          "sensitive_attributes": [],
          "private": "eyJlMmJmYjczMC1lY2FhLTExZTYtOGY4OC0zNDM2M2JjN2M0YzAiOnsiY3JlYXRlIjozMDAwMDAwMDAwMDAsImRlbGV0ZSI6MzAwMDAwMDAwMDAwLCJ1cGRhdGUiOjEyMDAwMDAwMDAwMH19",
          "dependencies": [
            "module.simple_vpc.aws_internet_gateway.simple_internet_gateway",
            "module.simple_vpc.aws_vpc.simple_vpc"
          ]
        }
      ]
    },
    {
      "module": "module.simple_vpc",
      "mode": "managed",
      "type": "aws_subnet",
      "name": "simple_subnet",
      "provider": "module.simple_vpc.provider[\"registry.terraform.io/hashicorp/aws\"]",
      "instances": [
        {
          "schema_version": 1,
          "attributes": {
            "arn": "arn:aws:ec2:eu-west-1:781254623749:subnet/subnet-0391e667b4ecc213e",
            "assign_ipv6_address_on_creation": false,
            "availability_zone": "eu-west-1a",
            "availability_zone_id": "euw1-az1",
            "cidr_block": "172.16.100.0/24",
            "customer_owned_ipv4_pool": "",
            "enable_dns64": false,
            "enable_lni_at_device_index": 0,
            "enable_resource_name_dns_a_record_on_launch": false,
            "enable_resource_name_dns_aaaa_record_on_launch": false,
            "id": "subnet-0391e667b4ecc213e",
            "ipv6_cidr_block": "",
            "ipv6_cidr_block_association_id": "",
            "ipv6_native": false,
            "map_customer_owned_ip_on_launch": false,
            "map_public_ip_on_launch": true,
            "outpost_arn": "",
            "owner_id": "781254623749",
            "private_dns_hostname_type_on_launch": "ip-name",
            "tags": {
              "Name": "chapter04-simple-subnet",
              "exam": "saa_c03",
              "workspace": "chapter04"
            },
            "tags_all": {
              "Name": "chapter04-simple-subnet",
              "exam": "saa_c03",
              "workspace": "chapter04"
            },
            "timeouts": null,
            "vpc_id": "vpc-0343a232c61862444"
          },
          "sensitive_attributes": [],
          "private": "eyJlMmJmYjczMC1lY2FhLTExZTYtOGY4OC0zNDM2M2JjN2M0YzAiOnsiY3JlYXRlIjo2MDAwMDAwMDAwMDAsImRlbGV0ZSI6MTIwMDAwMDAwMDAwMH0sInNjaGVtYV92ZXJzaW9uIjoiMSJ9",
          "dependencies": [
            "module.simple_vpc.aws_vpc.simple_vpc"
          ]
        }
      ]
    },
    {
      "module": "module.simple_vpc",
      "mode": "managed",
      "type": "aws_vpc",
      "name": "simple_vpc",
      "provider": "module.simple_vpc.provider[\"registry.terraform.io/hashicorp/aws\"]",
      "instances": [
        {
          "schema_version": 1,
          "attributes": {
            "arn": "arn:aws:ec2:eu-west-1:781254623749:vpc/vpc-0343a232c61862444",
            "assign_generated_ipv6_cidr_block": false,
            "cidr_block": "172.16.0.0/16",
            "default_network_acl_id": "acl-0acf5b6604ba0d962",
            "default_route_table_id": "rtb-0f8ec8a146734d4f6",
            "default_security_group_id": "sg-0b5cacd06e7ee24b4",
            "dhcp_options_id": "dopt-0ebbfe9932fd1d5a5",
            "enable_dns_hostnames": false,
            "enable_dns_support": true,
            "enable_network_address_usage_metrics": false,
            "id": "vpc-0343a232c61862444",
            "instance_tenancy": "default",
            "ipv4_ipam_pool_id": null,
            "ipv4_netmask_length": null,
            "ipv6_association_id": "",
            "ipv6_cidr_block": "",
            "ipv6_cidr_block_network_border_group": "",
            "ipv6_ipam_pool_id": "",
            "ipv6_netmask_length": 0,
            "main_route_table_id": "rtb-0f8ec8a146734d4f6",
            "owner_id": "781254623749",
            "tags": {
              "Name": "chapter04-simple-vpc",
              "exam": "saa_c03",
              "workspace": "chapter04"
            },
            "tags_all": {
              "Name": "chapter04-simple-vpc",
              "exam": "saa_c03",
              "workspace": "chapter04"
            }
          },
          "sensitive_attributes": [],
          "private": "eyJzY2hlbWFfdmVyc2lvbiI6IjEifQ=="
        }
      ]
    }
  ],
  "check_results": null
}
