{
  "version": 4,
  "terraform_version": "1.4.6",
  "serial": 1,
  "lineage": "8a4fafbd-6702-368f-7317-0940670095c3",
  "outputs": {},
  "resources": [
    {
      "module": "module.simple_vpc",
      "mode": "managed",
      "type": "aws_vpc",
      "name": "simple_vpc",
      "provider": "module.simple_vpc.provider[\"registry.terraform.io/hashicorp/aws\"]",
      "instances": [
        {
          "schema_version": 1,
          "attributes": {
            "arn": "arn:aws:ec2:eu-west-1:781254623749:vpc/vpc-0aa8ff56c7717df5e",
            "assign_generated_ipv6_cidr_block": false,
            "cidr_block": "172.16.0.0/16",
            "default_network_acl_id": "acl-0f9a427614c3ca96e",
            "default_route_table_id": "rtb-087b6255899a82208",
            "default_security_group_id": "sg-0bbe3b9a2e5bb983a",
            "dhcp_options_id": "dopt-0ebbfe9932fd1d5a5",
            "enable_dns_hostnames": false,
            "enable_dns_support": true,
            "enable_network_address_usage_metrics": false,
            "id": "vpc-0aa8ff56c7717df5e",
            "instance_tenancy": "default",
            "ipv4_ipam_pool_id": null,
            "ipv4_netmask_length": null,
            "ipv6_association_id": "",
            "ipv6_cidr_block": "",
            "ipv6_cidr_block_network_border_group": "",
            "ipv6_ipam_pool_id": "",
            "ipv6_netmask_length": 0,
            "main_route_table_id": "rtb-087b6255899a82208",
            "owner_id": "781254623749",
            "tags": null,
            "tags_all": {}
          },
          "sensitive_attributes": [],
          "private": "eyJzY2hlbWFfdmVyc2lvbiI6IjEifQ=="
        }
      ]
    }
  ],
  "check_results": null
}
